// !$*UTF8*$!
{
	archiveVersion = 1;
	classes = {
	};
	objectVersion = 56;
	objects = {

/* Begin PBXBuildFile section */
		3AB03C402C6DE845001F5473 /* KiddyEatsApp.swift in Sources */ = {isa = PBXBuildFile; fileRef = 3AB03C3F2C6DE845001F5473 /* KiddyEatsApp.swift */; };
		3AB03C442C6DE848001F5473 /* Assets.xcassets in Resources */ = {isa = PBXBuildFile; fileRef = 3AB03C432C6DE848001F5473 /* Assets.xcassets */; };
		3AB03C472C6DE848001F5473 /* Preview Assets.xcassets in Resources */ = {isa = PBXBuildFile; fileRef = 3AB03C462C6DE848001F5473 /* Preview Assets.xcassets */; };
		E61272652C6DE92E007698E6 /* ExploreView.swift in Sources */ = {isa = PBXBuildFile; fileRef = E61272632C6DE92E007698E6 /* ExploreView.swift */; };
		E61272662C6DE92E007698E6 /* BabyMeal.swift in Sources */ = {isa = PBXBuildFile; fileRef = E612725F2C6DE92E007698E6 /* BabyMeal.swift */; };
		E61272682C6DE92E007698E6 /* BabyProfile.swift in Sources */ = {isa = PBXBuildFile; fileRef = E612725E2C6DE92E007698E6 /* BabyProfile.swift */; };
		E612726A2C6DEDC0007698E6 /* AIService.swift in Sources */ = {isa = PBXBuildFile; fileRef = E61272692C6DEDBC007698E6 /* AIService.swift */; };
		E612726E2C6E0272007698E6 /* BabyMealDetailViewController.swift in Sources */ = {isa = PBXBuildFile; fileRef = E612726D2C6E0264007698E6 /* BabyMealDetailViewController.swift */; };
		E68C0F2B2C6F473900532140 /* BabyMealRecommenderUseCase.swift in Sources */ = {isa = PBXBuildFile; fileRef = E68C0F2A2C6F473800532140 /* BabyMealRecommenderUseCase.swift */; };
		E68C0F2D2C6F5B7100532140 /* RecipeCard.swift in Sources */ = {isa = PBXBuildFile; fileRef = E68C0F2C2C6F5B6E00532140 /* RecipeCard.swift */; };
		E68C0F312C706F6000532140 /* .aider-system.md in Resources */ = {isa = PBXBuildFile; fileRef = E68C0F302C706F5800532140 /* .aider-system.md */; };
		E68C0F332C7079C800532140 /* +BabyMeal.swift in Sources */ = {isa = PBXBuildFile; fileRef = E68C0F322C7079C500532140 /* +BabyMeal.swift */; };
		E68C0F382C707A2F00532140 /* ExploreViewModel.swift in Sources */ = {isa = PBXBuildFile; fileRef = E68C0F372C707A2B00532140 /* ExploreViewModel.swift */; };
		E68C0F3B2C707A5800532140 /* AIKeys.swift in Sources */ = {isa = PBXBuildFile; fileRef = E68C0F3A2C707A5000532140 /* AIKeys.swift */; };
		E68C0F402C707CAA00532140 /* +BabyMealRecommenderUseCase.swift in Sources */ = {isa = PBXBuildFile; fileRef = E68C0F3F2C707CA400532140 /* +BabyMealRecommenderUseCase.swift */; };
/* End PBXBuildFile section */

/* Begin PBXFileReference section */
		3AB03C3C2C6DE845001F5473 /* KiddyEatsApp.app */ = {isa = PBXFileReference; explicitFileType = wrapper.application; includeInIndex = 0; path = KiddyEatsApp.app; sourceTree = BUILT_PRODUCTS_DIR; };
		3AB03C3F2C6DE845001F5473 /* KiddyEatsApp.swift */ = {isa = PBXFileReference; lastKnownFileType = sourcecode.swift; path = KiddyEatsApp.swift; sourceTree = "<group>"; };
		3AB03C432C6DE848001F5473 /* Assets.xcassets */ = {isa = PBXFileReference; lastKnownFileType = folder.assetcatalog; path = Assets.xcassets; sourceTree = "<group>"; };
		3AB03C462C6DE848001F5473 /* Preview Assets.xcassets */ = {isa = PBXFileReference; lastKnownFileType = folder.assetcatalog; path = "Preview Assets.xcassets"; sourceTree = "<group>"; };
		E612725E2C6DE92E007698E6 /* BabyProfile.swift */ = {isa = PBXFileReference; lastKnownFileType = sourcecode.swift; name = BabyProfile.swift; path = KiddyEatsApp/Model/BabyProfile.swift; sourceTree = SOURCE_ROOT; };
		E612725F2C6DE92E007698E6 /* BabyMeal.swift */ = {isa = PBXFileReference; lastKnownFileType = sourcecode.swift; name = BabyMeal.swift; path = KiddyEatsApp/Model/BabyMeal.swift; sourceTree = SOURCE_ROOT; };
		E61272632C6DE92E007698E6 /* ExploreView.swift */ = {isa = PBXFileReference; lastKnownFileType = sourcecode.swift; path = ExploreView.swift; sourceTree = "<group>"; };
		E61272692C6DEDBC007698E6 /* AIService.swift */ = {isa = PBXFileReference; lastKnownFileType = sourcecode.swift; path = AIService.swift; sourceTree = "<group>"; };
		E612726D2C6E0264007698E6 /* BabyMealDetailViewController.swift */ = {isa = PBXFileReference; lastKnownFileType = sourcecode.swift; path = BabyMealDetailViewController.swift; sourceTree = "<group>"; };
		E68C0F2A2C6F473800532140 /* BabyMealRecommenderUseCase.swift */ = {isa = PBXFileReference; lastKnownFileType = sourcecode.swift; path = BabyMealRecommenderUseCase.swift; sourceTree = "<group>"; };
		E68C0F2C2C6F5B6E00532140 /* RecipeCard.swift */ = {isa = PBXFileReference; lastKnownFileType = sourcecode.swift; path = RecipeCard.swift; sourceTree = "<group>"; };
		E68C0F302C706F5800532140 /* .aider-system.md */ = {isa = PBXFileReference; lastKnownFileType = net.daringfireball.markdown; path = ".aider-system.md"; sourceTree = "<group>"; };
		E68C0F322C7079C500532140 /* +BabyMeal.swift */ = {isa = PBXFileReference; lastKnownFileType = sourcecode.swift; path = "+BabyMeal.swift"; sourceTree = "<group>"; };
		E68C0F372C707A2B00532140 /* ExploreViewModel.swift */ = {isa = PBXFileReference; lastKnownFileType = sourcecode.swift; path = ExploreViewModel.swift; sourceTree = "<group>"; };
		E68C0F3A2C707A5000532140 /* AIKeys.swift */ = {isa = PBXFileReference; lastKnownFileType = sourcecode.swift; path = AIKeys.swift; sourceTree = "<group>"; };
		E68C0F3F2C707CA400532140 /* +BabyMealRecommenderUseCase.swift */ = {isa = PBXFileReference; lastKnownFileType = sourcecode.swift; path = "+BabyMealRecommenderUseCase.swift"; sourceTree = "<group>"; };
/* End PBXFileReference section */

/* Begin PBXFrameworksBuildPhase section */
		3AB03C392C6DE845001F5473 /* Frameworks */ = {
			isa = PBXFrameworksBuildPhase;
			buildActionMask = 2147483647;
			files = (
			);
			runOnlyForDeploymentPostprocessing = 0;
		};
/* End PBXFrameworksBuildPhase section */

/* Begin PBXGroup section */
		3AB03C332C6DE845001F5473 = {
			isa = PBXGroup;
			children = (
				3AB03C3E2C6DE845001F5473 /* KiddyEatsApp */,
				3AB03C3D2C6DE845001F5473 /* Products */,
			);
			sourceTree = "<group>";
		};
		3AB03C3D2C6DE845001F5473 /* Products */ = {
			isa = PBXGroup;
			children = (
				3AB03C3C2C6DE845001F5473 /* KiddyEatsApp.app */,
			);
			name = Products;
			sourceTree = "<group>";
		};
		3AB03C3E2C6DE845001F5473 /* KiddyEatsApp */ = {
			isa = PBXGroup;
			children = (
				E68C0F292C6F473100532140 /* UseCase */,
				E612725B2C6DE92E007698E6 /* Helper */,
				E612725C2C6DE92E007698E6 /* Service */,
				E61272602C6DE92E007698E6 /* Model */,
				E61272612C6DE92E007698E6 /* ViewModel */,
				E61272622C6DE92E007698E6 /* View */,
				E61272642C6DE92E007698E6 /* Screen */,
				3AB03C452C6DE848001F5473 /* Preview Content */,
				3AB03C3F2C6DE845001F5473 /* KiddyEatsApp.swift */,
				3AB03C432C6DE848001F5473 /* Assets.xcassets */,
				E68C0F302C706F5800532140 /* .aider-system.md */,
			);
			path = KiddyEatsApp;
			sourceTree = "<group>";
		};
		3AB03C452C6DE848001F5473 /* Preview Content */ = {
			isa = PBXGroup;
			children = (
				3AB03C462C6DE848001F5473 /* Preview Assets.xcassets */,
			);
			path = "Preview Content";
			sourceTree = "<group>";
		};
		E612725A2C6DE92E007698E6 /* Extension */ = {
			isa = PBXGroup;
			children = (
				E68C0F3F2C707CA400532140 /* +BabyMealRecommenderUseCase.swift */,
				E68C0F322C7079C500532140 /* +BabyMeal.swift */,
			);
			path = Extension;
			sourceTree = "<group>";
		};
		E612725B2C6DE92E007698E6 /* Helper */ = {
			isa = PBXGroup;
			children = (
				E612725A2C6DE92E007698E6 /* Extension */,
			);
			path = Helper;
			sourceTree = "<group>";
		};
		E612725C2C6DE92E007698E6 /* Service */ = {
			isa = PBXGroup;
			children = (
				E68C0F392C707A4700532140 /* AI */,
			);
			path = Service;
			sourceTree = "<group>";
		};
		E61272602C6DE92E007698E6 /* Model */ = {
			isa = PBXGroup;
			children = (
				E612725E2C6DE92E007698E6 /* BabyProfile.swift */,
				E612725F2C6DE92E007698E6 /* BabyMeal.swift */,
			);
			path = Model;
			sourceTree = "<group>";
		};
		E61272612C6DE92E007698E6 /* ViewModel */ = {
			isa = PBXGroup;
			children = (
				E68C0F372C707A2B00532140 /* ExploreViewModel.swift */,
			);
			path = ViewModel;
			sourceTree = "<group>";
		};
		E61272622C6DE92E007698E6 /* View */ = {
			isa = PBXGroup;
			children = (
				E68C0F2C2C6F5B6E00532140 /* RecipeCard.swift */,
			);
			path = View;
			sourceTree = "<group>";
		};
		E61272642C6DE92E007698E6 /* Screen */ = {
			isa = PBXGroup;
			children = (
				E68C0F362C707A1200532140 /* BabyMealDetail */,
				E61272632C6DE92E007698E6 /* ExploreView.swift */,
			);
			path = Screen;
			sourceTree = "<group>";
		};
		E68C0F292C6F473100532140 /* UseCase */ = {
			isa = PBXGroup;
			children = (
				E68C0F2A2C6F473800532140 /* BabyMealRecommenderUseCase.swift */,
			);
			path = UseCase;
			sourceTree = "<group>";
		};
		E68C0F362C707A1200532140 /* BabyMealDetail */ = {
			isa = PBXGroup;
			children = (
				E612726D2C6E0264007698E6 /* BabyMealDetailViewController.swift */,
			);
			path = BabyMealDetail;
			sourceTree = "<group>";
		};
		E68C0F392C707A4700532140 /* AI */ = {
			isa = PBXGroup;
			children = (
				E68C0F3A2C707A5000532140 /* AIKeys.swift */,
				E61272692C6DEDBC007698E6 /* AIService.swift */,
			);
			path = AI;
			sourceTree = "<group>";
		};
/* End PBXGroup section */

/* Begin PBXNativeTarget section */
		3AB03C3B2C6DE845001F5473 /* KiddyEatsApp */ = {
			isa = PBXNativeTarget;
			buildConfigurationList = 3AB03C4A2C6DE848001F5473 /* Build configuration list for PBXNativeTarget "KiddyEatsApp" */;
			buildPhases = (
				3AB03C382C6DE845001F5473 /* Sources */,
				3AB03C392C6DE845001F5473 /* Frameworks */,
				3AB03C3A2C6DE845001F5473 /* Resources */,
			);
			buildRules = (
			);
			dependencies = (
			);
			name = KiddyEatsApp;
			productName = KiddyEatsApp;
			productReference = 3AB03C3C2C6DE845001F5473 /* KiddyEatsApp.app */;
			productType = "com.apple.product-type.application";
		};
/* End PBXNativeTarget section */

/* Begin PBXProject section */
		3AB03C342C6DE845001F5473 /* Project object */ = {
			isa = PBXProject;
			attributes = {
				BuildIndependentTargetsInParallel = 1;
				LastSwiftUpdateCheck = 1540;
				LastUpgradeCheck = 1540;
				TargetAttributes = {
					3AB03C3B2C6DE845001F5473 = {
						CreatedOnToolsVersion = 15.4;
					};
				};
			};
			buildConfigurationList = 3AB03C372C6DE845001F5473 /* Build configuration list for PBXProject "KiddyEatsApp" */;
			compatibilityVersion = "Xcode 14.0";
			developmentRegion = en;
			hasScannedForEncodings = 0;
			knownRegions = (
				en,
				Base,
			);
			mainGroup = 3AB03C332C6DE845001F5473;
			productRefGroup = 3AB03C3D2C6DE845001F5473 /* Products */;
			projectDirPath = "";
			projectRoot = "";
			targets = (
				3AB03C3B2C6DE845001F5473 /* KiddyEatsApp */,
			);
		};
/* End PBXProject section */

/* Begin PBXResourcesBuildPhase section */
		3AB03C3A2C6DE845001F5473 /* Resources */ = {
			isa = PBXResourcesBuildPhase;
			buildActionMask = 2147483647;
			files = (
				3AB03C472C6DE848001F5473 /* Preview Assets.xcassets in Resources */,
				E68C0F312C706F6000532140 /* .aider-system.md in Resources */,
				3AB03C442C6DE848001F5473 /* Assets.xcassets in Resources */,
			);
			runOnlyForDeploymentPostprocessing = 0;
		};
/* End PBXResourcesBuildPhase section */

/* Begin PBXSourcesBuildPhase section */
		3AB03C382C6DE845001F5473 /* Sources */ = {
			isa = PBXSourcesBuildPhase;
			buildActionMask = 2147483647;
			files = (
				E68C0F382C707A2F00532140 /* ExploreViewModel.swift in Sources */,
				E61272652C6DE92E007698E6 /* ExploreView.swift in Sources */,
				E612726A2C6DEDC0007698E6 /* AIService.swift in Sources */,
				E68C0F2D2C6F5B7100532140 /* RecipeCard.swift in Sources */,
				E68C0F3B2C707A5800532140 /* AIKeys.swift in Sources */,
				E61272662C6DE92E007698E6 /* BabyMeal.swift in Sources */,
				E68C0F2B2C6F473900532140 /* BabyMealRecommenderUseCase.swift in Sources */,
				E612726E2C6E0272007698E6 /* BabyMealDetailViewController.swift in Sources */,
				E61272682C6DE92E007698E6 /* BabyProfile.swift in Sources */,
				E68C0F332C7079C800532140 /* +BabyMeal.swift in Sources */,
				E68C0F402C707CAA00532140 /* +BabyMealRecommenderUseCase.swift in Sources */,
				3AB03C402C6DE845001F5473 /* KiddyEatsApp.swift in Sources */,
			);
			runOnlyForDeploymentPostprocessing = 0;
		};
/* End PBXSourcesBuildPhase section */

/* Begin XCBuildConfiguration section */
		3AB03C482C6DE848001F5473 /* Debug */ = {
			isa = XCBuildConfiguration;
			buildSettings = {
				ALWAYS_SEARCH_USER_PATHS = NO;
				ASSETCATALOG_COMPILER_GENERATE_SWIFT_ASSET_SYMBOL_EXTENSIONS = YES;
				CLANG_ANALYZER_NONNULL = YES;
				CLANG_ANALYZER_NUMBER_OBJECT_CONVERSION = YES_AGGRESSIVE;
				CLANG_CXX_LANGUAGE_STANDARD = "gnu++20";
				CLANG_ENABLE_MODULES = YES;
				CLANG_ENABLE_OBJC_ARC = YES;
				CLANG_ENABLE_OBJC_WEAK = YES;
				CLANG_WARN_BLOCK_CAPTURE_AUTORELEASING = YES;
				CLANG_WARN_BOOL_CONVERSION = YES;
				CLANG_WARN_COMMA = YES;
				CLANG_WARN_CONSTANT_CONVERSION = YES;
				CLANG_WARN_DEPRECATED_OBJC_IMPLEMENTATIONS = YES;
				CLANG_WARN_DIRECT_OBJC_ISA_USAGE = YES_ERROR;
				CLANG_WARN_DOCUMENTATION_COMMENTS = YES;
				CLANG_WARN_EMPTY_BODY = YES;
				CLANG_WARN_ENUM_CONVERSION = YES;
				CLANG_WARN_INFINITE_RECURSION = YES;
				CLANG_WARN_INT_CONVERSION = YES;
				CLANG_WARN_NON_LITERAL_NULL_CONVERSION = YES;
				CLANG_WARN_OBJC_IMPLICIT_RETAIN_SELF = YES;
				CLANG_WARN_OBJC_LITERAL_CONVERSION = YES;
				CLANG_WARN_OBJC_ROOT_CLASS = YES_ERROR;
				CLANG_WARN_QUOTED_INCLUDE_IN_FRAMEWORK_HEADER = YES;
				CLANG_WARN_RANGE_LOOP_ANALYSIS = YES;
				CLANG_WARN_STRICT_PROTOTYPES = YES;
				CLANG_WARN_SUSPICIOUS_MOVE = YES;
				CLANG_WARN_UNGUARDED_AVAILABILITY = YES_AGGRESSIVE;
				CLANG_WARN_UNREACHABLE_CODE = YES;
				CLANG_WARN__DUPLICATE_METHOD_MATCH = YES;
				COPY_PHASE_STRIP = NO;
				DEBUG_INFORMATION_FORMAT = dwarf;
				ENABLE_STRICT_OBJC_MSGSEND = YES;
				ENABLE_TESTABILITY = YES;
				ENABLE_USER_SCRIPT_SANDBOXING = YES;
				GCC_C_LANGUAGE_STANDARD = gnu17;
				GCC_DYNAMIC_NO_PIC = NO;
				GCC_NO_COMMON_BLOCKS = YES;
				GCC_OPTIMIZATION_LEVEL = 0;
				GCC_PREPROCESSOR_DEFINITIONS = (
					"DEBUG=1",
					"$(inherited)",
				);
				GCC_WARN_64_TO_32_BIT_CONVERSION = YES;
				GCC_WARN_ABOUT_RETURN_TYPE = YES_ERROR;
				GCC_WARN_UNDECLARED_SELECTOR = YES;
				GCC_WARN_UNINITIALIZED_AUTOS = YES_AGGRESSIVE;
				GCC_WARN_UNUSED_FUNCTION = YES;
				GCC_WARN_UNUSED_VARIABLE = YES;
				IPHONEOS_DEPLOYMENT_TARGET = 17.5;
				LOCALIZATION_PREFERS_STRING_CATALOGS = YES;
				MTL_ENABLE_DEBUG_INFO = INCLUDE_SOURCE;
				MTL_FAST_MATH = YES;
				ONLY_ACTIVE_ARCH = YES;
				SDKROOT = iphoneos;
				SWIFT_ACTIVE_COMPILATION_CONDITIONS = "DEBUG $(inherited)";
				SWIFT_OPTIMIZATION_LEVEL = "-Onone";
			};
			name = Debug;
		};
		3AB03C492C6DE848001F5473 /* Release */ = {
			isa = XCBuildConfiguration;
			buildSettings = {
				ALWAYS_SEARCH_USER_PATHS = NO;
				ASSETCATALOG_COMPILER_GENERATE_SWIFT_ASSET_SYMBOL_EXTENSIONS = YES;
				CLANG_ANALYZER_NONNULL = YES;
				CLANG_ANALYZER_NUMBER_OBJECT_CONVERSION = YES_AGGRESSIVE;
				CLANG_CXX_LANGUAGE_STANDARD = "gnu++20";
				CLANG_ENABLE_MODULES = YES;
				CLANG_ENABLE_OBJC_ARC = YES;
				CLANG_ENABLE_OBJC_WEAK = YES;
				CLANG_WARN_BLOCK_CAPTURE_AUTORELEASING = YES;
				CLANG_WARN_BOOL_CONVERSION = YES;
				CLANG_WARN_COMMA = YES;
				CLANG_WARN_CONSTANT_CONVERSION = YES;
				CLANG_WARN_DEPRECATED_OBJC_IMPLEMENTATIONS = YES;
				CLANG_WARN_DIRECT_OBJC_ISA_USAGE = YES_ERROR;
				CLANG_WARN_DOCUMENTATION_COMMENTS = YES;
				CLANG_WARN_EMPTY_BODY = YES;
				CLANG_WARN_ENUM_CONVERSION = YES;
				CLANG_WARN_INFINITE_RECURSION = YES;
				CLANG_WARN_INT_CONVERSION = YES;
				CLANG_WARN_NON_LITERAL_NULL_CONVERSION = YES;
				CLANG_WARN_OBJC_IMPLICIT_RETAIN_SELF = YES;
				CLANG_WARN_OBJC_LITERAL_CONVERSION = YES;
				CLANG_WARN_OBJC_ROOT_CLASS = YES_ERROR;
				CLANG_WARN_QUOTED_INCLUDE_IN_FRAMEWORK_HEADER = YES;
				CLANG_WARN_RANGE_LOOP_ANALYSIS = YES;
				CLANG_WARN_STRICT_PROTOTYPES = YES;
				CLANG_WARN_SUSPICIOUS_MOVE = YES;
				CLANG_WARN_UNGUARDED_AVAILABILITY = YES_AGGRESSIVE;
				CLANG_WARN_UNREACHABLE_CODE = YES;
				CLANG_WARN__DUPLICATE_METHOD_MATCH = YES;
				COPY_PHASE_STRIP = NO;
				DEBUG_INFORMATION_FORMAT = "dwarf-with-dsym";
				ENABLE_NS_ASSERTIONS = NO;
				ENABLE_STRICT_OBJC_MSGSEND = YES;
				ENABLE_USER_SCRIPT_SANDBOXING = YES;
				GCC_C_LANGUAGE_STANDARD = gnu17;
				GCC_NO_COMMON_BLOCKS = YES;
				GCC_WARN_64_TO_32_BIT_CONVERSION = YES;
				GCC_WARN_ABOUT_RETURN_TYPE = YES_ERROR;
				GCC_WARN_UNDECLARED_SELECTOR = YES;
				GCC_WARN_UNINITIALIZED_AUTOS = YES_AGGRESSIVE;
				GCC_WARN_UNUSED_FUNCTION = YES;
				GCC_WARN_UNUSED_VARIABLE = YES;
				IPHONEOS_DEPLOYMENT_TARGET = 17.5;
				LOCALIZATION_PREFERS_STRING_CATALOGS = YES;
				MTL_ENABLE_DEBUG_INFO = NO;
				MTL_FAST_MATH = YES;
				SDKROOT = iphoneos;
				SWIFT_COMPILATION_MODE = wholemodule;
				VALIDATE_PRODUCT = YES;
			};
			name = Release;
		};
		3AB03C4B2C6DE848001F5473 /* Debug */ = {
			isa = XCBuildConfiguration;
			buildSettings = {
				ASSETCATALOG_COMPILER_APPICON_NAME = AppIcon;
				ASSETCATALOG_COMPILER_GLOBAL_ACCENT_COLOR_NAME = AccentColor;
				CODE_SIGN_STYLE = Automatic;
				CURRENT_PROJECT_VERSION = 1;
				DEVELOPMENT_ASSET_PATHS = "\"KiddyEatsApp/Preview Content\"";
				DEVELOPMENT_TEAM = SW8FY3LA3R;
				ENABLE_PREVIEWS = YES;
				GENERATE_INFOPLIST_FILE = YES;
				INFOPLIST_KEY_UIApplicationSceneManifest_Generation = YES;
				INFOPLIST_KEY_UIApplicationSupportsIndirectInputEvents = YES;
				INFOPLIST_KEY_UILaunchScreen_Generation = YES;
				INFOPLIST_KEY_UISupportedInterfaceOrientations_iPad = "UIInterfaceOrientationPortrait UIInterfaceOrientationPortraitUpsideDown UIInterfaceOrientationLandscapeLeft UIInterfaceOrientationLandscapeRight";
				INFOPLIST_KEY_UISupportedInterfaceOrientations_iPhone = "UIInterfaceOrientationPortrait UIInterfaceOrientationLandscapeLeft UIInterfaceOrientationLandscapeRight";
				IPHONEOS_DEPLOYMENT_TARGET = 17.5;
				LD_RUNPATH_SEARCH_PATHS = (
					"$(inherited)",
					"@executable_path/Frameworks",
				);
				MARKETING_VERSION = 1.0;
				PRODUCT_BUNDLE_IDENTIFIER = appledev.mini3.KiddyEatsApp;
				PRODUCT_NAME = "$(TARGET_NAME)";
				SWIFT_EMIT_LOC_STRINGS = YES;
				SWIFT_VERSION = 5.0;
				TARGETED_DEVICE_FAMILY = "1,2";
			};
			name = Debug;
		};
		3AB03C4C2C6DE848001F5473 /* Release */ = {
			isa = XCBuildConfiguration;
			buildSettings = {
				ASSETCATALOG_COMPILER_APPICON_NAME = AppIcon;
				ASSETCATALOG_COMPILER_GLOBAL_ACCENT_COLOR_NAME = AccentColor;
				CODE_SIGN_STYLE = Automatic;
				CURRENT_PROJECT_VERSION = 1;
				DEVELOPMENT_ASSET_PATHS = "\"KiddyEatsApp/Preview Content\"";
				DEVELOPMENT_TEAM = SW8FY3LA3R;
				ENABLE_PREVIEWS = YES;
				GENERATE_INFOPLIST_FILE = YES;
				INFOPLIST_KEY_UIApplicationSceneManifest_Generation = YES;
				INFOPLIST_KEY_UIApplicationSupportsIndirectInputEvents = YES;
				INFOPLIST_KEY_UILaunchScreen_Generation = YES;
				INFOPLIST_KEY_UISupportedInterfaceOrientations_iPad = "UIInterfaceOrientationPortrait UIInterfaceOrientationPortraitUpsideDown UIInterfaceOrientationLandscapeLeft UIInterfaceOrientationLandscapeRight";
				INFOPLIST_KEY_UISupportedInterfaceOrientations_iPhone = "UIInterfaceOrientationPortrait UIInterfaceOrientationLandscapeLeft UIInterfaceOrientationLandscapeRight";
				IPHONEOS_DEPLOYMENT_TARGET = 17.5;
				LD_RUNPATH_SEARCH_PATHS = (
					"$(inherited)",
					"@executable_path/Frameworks",
				);
				MARKETING_VERSION = 1.0;
				PRODUCT_BUNDLE_IDENTIFIER = appledev.mini3.KiddyEatsApp;
				PRODUCT_NAME = "$(TARGET_NAME)";
				SWIFT_EMIT_LOC_STRINGS = YES;
				SWIFT_VERSION = 5.0;
				TARGETED_DEVICE_FAMILY = "1,2";
			};
			name = Release;
		};
/* End XCBuildConfiguration section */

/* Begin XCConfigurationList section */
		3AB03C372C6DE845001F5473 /* Build configuration list for PBXProject "KiddyEatsApp" */ = {
			isa = XCConfigurationList;
			buildConfigurations = (
				3AB03C482C6DE848001F5473 /* Debug */,
				3AB03C492C6DE848001F5473 /* Release */,
			);
			defaultConfigurationIsVisible = 0;
			defaultConfigurationName = Release;
		};
		3AB03C4A2C6DE848001F5473 /* Build configuration list for PBXNativeTarget "KiddyEatsApp" */ = {
			isa = XCConfigurationList;
			buildConfigurations = (
				3AB03C4B2C6DE848001F5473 /* Debug */,
				3AB03C4C2C6DE848001F5473 /* Release */,
			);
			defaultConfigurationIsVisible = 0;
			defaultConfigurationName = Release;
		};
/* End XCConfigurationList section */
	};
	rootObject = 3AB03C342C6DE845001F5473 /* Project object */;
}
