// !$*UTF8*$!
{
	archiveVersion = 1;
	classes = {
	};
	objectVersion = 56;
	objects = {

/* Begin PBXBuildFile section */
		3A5450A02C71DA230090EE0F /* ReactionPromptView.swift in Sources */ = {isa = PBXBuildFile; fileRef = 3A54509F2C71DA230090EE0F /* ReactionPromptView.swift */; };
		3A5450A32C71DDC10090EE0F /* RadioButton.swift in Sources */ = {isa = PBXBuildFile; fileRef = 3A5450A22C71DDC10090EE0F /* RadioButton.swift */; };
		3A5450A52C71E1460090EE0F /* ReactionLoggerViewModel.swift in Sources */ = {isa = PBXBuildFile; fileRef = 3A5450A42C71E1460090EE0F /* ReactionLoggerViewModel.swift */; };
		3A5450A82C71E1D00090EE0F /* ReactionStatus.swift in Sources */ = {isa = PBXBuildFile; fileRef = 3A5450A72C71E1D00090EE0F /* ReactionStatus.swift */; };
		3A5450AA2C71E2520090EE0F /* ReactionDetails.swift in Sources */ = {isa = PBXBuildFile; fileRef = 3A5450A92C71E2520090EE0F /* ReactionDetails.swift */; };
		3A5450AC2C71E6420090EE0F /* ReactionChooseListView.swift in Sources */ = {isa = PBXBuildFile; fileRef = 3A5450AB2C71E6420090EE0F /* ReactionChooseListView.swift */; };
		3A5450AE2C71E9970090EE0F /* CheckboxButton.swift in Sources */ = {isa = PBXBuildFile; fileRef = 3A5450AD2C71E9970090EE0F /* CheckboxButton.swift */; };
		3A5450B32C71F40B0090EE0F /* KiddyEatsButtonStyle.swift in Sources */ = {isa = PBXBuildFile; fileRef = 3A5450B22C71F40B0090EE0F /* KiddyEatsButtonStyle.swift */; };
		3A5450B52C71F79F0090EE0F /* ReactionEndingView.swift in Sources */ = {isa = PBXBuildFile; fileRef = 3A5450B42C71F79F0090EE0F /* ReactionEndingView.swift */; };
		3A5450B82C72E8740090EE0F /* MainTabView.swift in Sources */ = {isa = PBXBuildFile; fileRef = 3A5450B72C72E8740090EE0F /* MainTabView.swift */; };
		3A5450BB2C72FE4C0090EE0F /* ModelContextManager.swift in Sources */ = {isa = PBXBuildFile; fileRef = 3A5450BA2C72FE4B0090EE0F /* ModelContextManager.swift */; };
		3A5450BE2C72FE910090EE0F /* BabyProfileSchema.swift in Sources */ = {isa = PBXBuildFile; fileRef = 3A5450BD2C72FE910090EE0F /* BabyProfileSchema.swift */; };
		3A5450C02C72FEDF0090EE0F /* BabyMealSchema.swift in Sources */ = {isa = PBXBuildFile; fileRef = 3A5450BF2C72FEDF0090EE0F /* BabyMealSchema.swift */; };
		3A5450C52C73048D0090EE0F /* BabyProfileRepositoryImpl.swift in Sources */ = {isa = PBXBuildFile; fileRef = 3A5450C42C73048D0090EE0F /* BabyProfileRepositoryImpl.swift */; };
		3A5450C72C73072C0090EE0F /* ResponseError.swift in Sources */ = {isa = PBXBuildFile; fileRef = 3A5450C62C73072C0090EE0F /* ResponseError.swift */; };
		3A5450CA2C730A4D0090EE0F /* GetBabyProfileData.swift in Sources */ = {isa = PBXBuildFile; fileRef = 3A5450C92C730A4D0090EE0F /* GetBabyProfileData.swift */; };
		3A5450CD2C730A930090EE0F /* BabyProfile.swift in Sources */ = {isa = PBXBuildFile; fileRef = 3A5450CC2C730A930090EE0F /* BabyProfile.swift */; };
		3A5450CF2C730A990090EE0F /* BabyMeal.swift in Sources */ = {isa = PBXBuildFile; fileRef = 3A5450CE2C730A990090EE0F /* BabyMeal.swift */; };
		3A5450D32C730AD30090EE0F /* BabyProfileRepositoryProtocol.swift in Sources */ = {isa = PBXBuildFile; fileRef = 3A5450D22C730AD30090EE0F /* BabyProfileRepositoryProtocol.swift */; };
		3A5450D62C73815B0090EE0F /* BabyGlobalConfigurationViewModel.swift in Sources */ = {isa = PBXBuildFile; fileRef = 3A5450D52C73815B0090EE0F /* BabyGlobalConfigurationViewModel.swift */; };
		3A5450D82C7387830090EE0F /* CreateBabyProfileData.swift in Sources */ = {isa = PBXBuildFile; fileRef = 3A5450D72C7387830090EE0F /* CreateBabyProfileData.swift */; };
		3A5450DA2C74D7390090EE0F /* SaveBabyMealUseCase.swift in Sources */ = {isa = PBXBuildFile; fileRef = 3A5450D92C74D7390090EE0F /* SaveBabyMealUseCase.swift */; };
		3A5450DC2C74E0E20090EE0F /* GetBabymealUseCase.swift in Sources */ = {isa = PBXBuildFile; fileRef = 3A5450DB2C74E0E20090EE0F /* GetBabymealUseCase.swift */; };
		3A5450E52C75DB900090EE0F /* EditProfileView.swift in Sources */ = {isa = PBXBuildFile; fileRef = 3A5450E42C75DB900090EE0F /* EditProfileView.swift */; };
		3A5450E72C75DFD90090EE0F /* KiddyEatsDatePicker.swift in Sources */ = {isa = PBXBuildFile; fileRef = 3A5450E62C75DFD90090EE0F /* KiddyEatsDatePicker.swift */; };
		3A5450E92C75EA0C0090EE0F /* KiddyEatsAllergenList.swift in Sources */ = {isa = PBXBuildFile; fileRef = 3A5450E82C75EA0C0090EE0F /* KiddyEatsAllergenList.swift */; };
		3AB03C402C6DE845001F5473 /* KiddyEatsApp.swift in Sources */ = {isa = PBXBuildFile; fileRef = 3AB03C3F2C6DE845001F5473 /* KiddyEatsApp.swift */; };
		3AB03C442C6DE848001F5473 /* Assets.xcassets in Resources */ = {isa = PBXBuildFile; fileRef = 3AB03C432C6DE848001F5473 /* Assets.xcassets */; };
		3AB03C472C6DE848001F5473 /* Preview Assets.xcassets in Resources */ = {isa = PBXBuildFile; fileRef = 3AB03C462C6DE848001F5473 /* Preview Assets.xcassets */; };
		3AB03C4F2C6F3B77001F5473 /* StartingOnboardingView.swift in Sources */ = {isa = PBXBuildFile; fileRef = 3AB03C4E2C6F3B77001F5473 /* StartingOnboardingView.swift */; };
		3AB03C512C6F3BBB001F5473 /* OnboardingBabyInfo.swift in Sources */ = {isa = PBXBuildFile; fileRef = 3AB03C502C6F3BBB001F5473 /* OnboardingBabyInfo.swift */; };
		3AB03C532C6F3C04001F5473 /* OnboardingBabyGender.swift in Sources */ = {isa = PBXBuildFile; fileRef = 3AB03C522C6F3C04001F5473 /* OnboardingBabyGender.swift */; };
		3AB03C552C6F3C51001F5473 /* OnboardingBabyAllergies.swift in Sources */ = {isa = PBXBuildFile; fileRef = 3AB03C542C6F3C51001F5473 /* OnboardingBabyAllergies.swift */; };
		3AB03C582C6F3F2E001F5473 /* KiddyEatsTextField.swift in Sources */ = {isa = PBXBuildFile; fileRef = 3AB03C572C6F3F2E001F5473 /* KiddyEatsTextField.swift */; };
		3AB03C5A2C6F890D001F5473 /* FlexibleView.swift in Sources */ = {isa = PBXBuildFile; fileRef = 3AB03C592C6F890D001F5473 /* FlexibleView.swift */; };
		3AB03C5D2C6F8E4D001F5473 /* OnboardingView.swift in Sources */ = {isa = PBXBuildFile; fileRef = 3AB03C5C2C6F8E4D001F5473 /* OnboardingView.swift */; };
		3AB03C652C6F96D6001F5473 /* BabyOnboardingInformationViewModel.swift in Sources */ = {isa = PBXBuildFile; fileRef = 3AB03C642C6F96D6001F5473 /* BabyOnboardingInformationViewModel.swift */; };
		3AB03C672C6F9722001F5473 /* Gender.swift in Sources */ = {isa = PBXBuildFile; fileRef = 3AB03C662C6F9722001F5473 /* Gender.swift */; };
		3AB03C692C6F9A2E001F5473 /* OnboardingGenderChoice.swift in Sources */ = {isa = PBXBuildFile; fileRef = 3AB03C682C6F9A2E001F5473 /* OnboardingGenderChoice.swift */; };
		3AB03C6B2C6F9A4F001F5473 /* TagsComponent.swift in Sources */ = {isa = PBXBuildFile; fileRef = 3AB03C6A2C6F9A4F001F5473 /* TagsComponent.swift */; };
		3AB03C702C6F9A9F001F5473 /* +View.swift in Sources */ = {isa = PBXBuildFile; fileRef = 3AB03C6F2C6F9A9F001F5473 /* +View.swift */; };
		3AB03C732C70E7E8001F5473 /* ReactionFormView.swift in Sources */ = {isa = PBXBuildFile; fileRef = 3AB03C722C70E7E8001F5473 /* ReactionFormView.swift */; };
		E40EEFB42C732CDE00BCD991 /* CollectionRecipeView.swift in Sources */ = {isa = PBXBuildFile; fileRef = E40EEFAC2C732CDE00BCD991 /* CollectionRecipeView.swift */; };
		E40EEFB52C732CDE00BCD991 /* CollectionSegment.swift in Sources */ = {isa = PBXBuildFile; fileRef = E40EEFAD2C732CDE00BCD991 /* CollectionSegment.swift */; };
		E40EEFB62C732CDE00BCD991 /* CollectionView.swift in Sources */ = {isa = PBXBuildFile; fileRef = E40EEFAE2C732CDE00BCD991 /* CollectionView.swift */; };
		E40EEFB92C732CDE00BCD991 /* RecipeRowView.swift in Sources */ = {isa = PBXBuildFile; fileRef = E40EEFB12C732CDE00BCD991 /* RecipeRowView.swift */; };
		E40EEFBD2C732E0000BCD991 /* AIServiceKeys.swift in Sources */ = {isa = PBXBuildFile; fileRef = E40EEFBC2C732E0000BCD991 /* AIServiceKeys.swift */; };
		E40EEFC42C7433B800BCD991 /* FilterBabyMealUseCase.swift in Sources */ = {isa = PBXBuildFile; fileRef = E40EEFC32C7433B800BCD991 /* FilterBabyMealUseCase.swift */; };
		E40EEFC82C743E7600BCD991 /* BabyMealRepositoryProtocol.swift in Sources */ = {isa = PBXBuildFile; fileRef = E40EEFC72C743E7600BCD991 /* BabyMealRepositoryProtocol.swift */; };
		E40EEFCA2C743EF500BCD991 /* BabyMealRepositoryImpl.swift in Sources */ = {isa = PBXBuildFile; fileRef = E40EEFC92C743EF500BCD991 /* BabyMealRepositoryImpl.swift */; };
		E40EEFCD2C74405E00BCD991 /* GetBabyMealList.swift in Sources */ = {isa = PBXBuildFile; fileRef = E40EEFCC2C74405E00BCD991 /* GetBabyMealList.swift */; };
		E40EEFCF2C7441EA00BCD991 /* BabyMealListViewModel.swift in Sources */ = {isa = PBXBuildFile; fileRef = E40EEFCE2C7441EA00BCD991 /* BabyMealListViewModel.swift */; };
		E40EEFD12C74465100BCD991 /* GetBabyMealAllergicList.swift in Sources */ = {isa = PBXBuildFile; fileRef = E40EEFD02C74465100BCD991 /* GetBabyMealAllergicList.swift */; };
		E40EEFD32C74530400BCD991 /* DeleteBabyMealUseCase.swift in Sources */ = {isa = PBXBuildFile; fileRef = E40EEFD22C74530300BCD991 /* DeleteBabyMealUseCase.swift */; };
		E40EEFD62C746DB100BCD991 /* ProfileView.swift in Sources */ = {isa = PBXBuildFile; fileRef = E40EEFD52C746DB100BCD991 /* ProfileView.swift */; };
		E40EEFD92C747D8000BCD991 /* EditBabyProfileViewModel.swift in Sources */ = {isa = PBXBuildFile; fileRef = E40EEFD82C747D8000BCD991 /* EditBabyProfileViewModel.swift */; };
		E40EEFDB2C7487EA00BCD991 /* UpdateBabyProfileData.swift in Sources */ = {isa = PBXBuildFile; fileRef = E40EEFDA2C7487EA00BCD991 /* UpdateBabyProfileData.swift */; };
		E61272652C6DE92E007698E6 /* ExploreView.swift in Sources */ = {isa = PBXBuildFile; fileRef = E61272632C6DE92E007698E6 /* ExploreView.swift */; };
		E612726A2C6DEDC0007698E6 /* AIService.swift in Sources */ = {isa = PBXBuildFile; fileRef = E61272692C6DEDBC007698E6 /* AIService.swift */; };
		E612726E2C6E0272007698E6 /* BabyMealDetailViewController.swift in Sources */ = {isa = PBXBuildFile; fileRef = E612726D2C6E0264007698E6 /* BabyMealDetailViewController.swift */; };
		E67BD8F62C743A09006393F4 /* AIServiceKeys.swift in Sources */ = {isa = PBXBuildFile; fileRef = E67BD8F52C743A04006393F4 /* AIServiceKeys.swift */; };
		E67BD8F82C744E0D006393F4 /* ErrorContainer.swift in Sources */ = {isa = PBXBuildFile; fileRef = E67BD8F72C744E09006393F4 /* ErrorContainer.swift */; };
		E67BD9082C746212006393F4 /* FakeBabyProfileRepository.swift in Sources */ = {isa = PBXBuildFile; fileRef = E67BD9072C74620A006393F4 /* FakeBabyProfileRepository.swift */; };
		E67BD90A2C746224006393F4 /* BabyProfileRepositoryTests.swift in Sources */ = {isa = PBXBuildFile; fileRef = E67BD9092C74621D006393F4 /* BabyProfileRepositoryTests.swift */; };
		E67BD90C2C7464F2006393F4 /* ExploreViewModelTests.swift in Sources */ = {isa = PBXBuildFile; fileRef = E67BD90B2C7464DA006393F4 /* ExploreViewModelTests.swift */; };
		E67BD90F2C746811006393F4 /* BabyMealJsonParserTests.swift in Sources */ = {isa = PBXBuildFile; fileRef = E67BD90E2C7467F8006393F4 /* BabyMealJsonParserTests.swift */; };
		E67BD9122C75DE21006393F4 /* LogReactionButton.swift in Sources */ = {isa = PBXBuildFile; fileRef = E67BD9112C75DE1C006393F4 /* LogReactionButton.swift */; };
		E67BD9142C75DE84006393F4 /* SaveToCollectionsButton.swift in Sources */ = {isa = PBXBuildFile; fileRef = E67BD9132C75DE7D006393F4 /* SaveToCollectionsButton.swift */; };
		E67BD9182C75EEF1006393F4 /* EmojiUILabel.swift in Sources */ = {isa = PBXBuildFile; fileRef = E67BD9172C75EEEB006393F4 /* EmojiUILabel.swift */; };
		E67BD91A2C75EF05006393F4 /* TitleUILabel.swift in Sources */ = {isa = PBXBuildFile; fileRef = E67BD9192C75EEFF006393F4 /* TitleUILabel.swift */; };
		E67BD91C2C75EF10006393F4 /* AllergensUIView.swift in Sources */ = {isa = PBXBuildFile; fileRef = E67BD91B2C75EF0B006393F4 /* AllergensUIView.swift */; };
		E67BD91E2C75EF1C006393F4 /* ButtonHostingController.swift in Sources */ = {isa = PBXBuildFile; fileRef = E67BD91D2C75EF1B006393F4 /* ButtonHostingController.swift */; };
		E67BD9202C75EF24006393F4 /* HeaderUIView.swift in Sources */ = {isa = PBXBuildFile; fileRef = E67BD91F2C75EF23006393F4 /* HeaderUIView.swift */; };
		E67BD9222C75EF3E006393F4 /* BulletListUILabel.swift in Sources */ = {isa = PBXBuildFile; fileRef = E67BD9212C75EF3A006393F4 /* BulletListUILabel.swift */; };
		E67BD9242C75F01D006393F4 /* NumberedListUILabel.swift in Sources */ = {isa = PBXBuildFile; fileRef = E67BD9232C75F01B006393F4 /* NumberedListUILabel.swift */; };
		E68C0F2B2C6F473900532140 /* BabyMealRecommenderUseCase.swift in Sources */ = {isa = PBXBuildFile; fileRef = E68C0F2A2C6F473800532140 /* BabyMealRecommenderUseCase.swift */; };
		E68C0F2D2C6F5B7100532140 /* RecipeCard.swift in Sources */ = {isa = PBXBuildFile; fileRef = E68C0F2C2C6F5B6E00532140 /* RecipeCard.swift */; };
		E68C0F332C7079C800532140 /* +BabyMeal.swift in Sources */ = {isa = PBXBuildFile; fileRef = E68C0F322C7079C500532140 /* +BabyMeal.swift */; };
		E68C0F382C707A2F00532140 /* ExploreViewModel.swift in Sources */ = {isa = PBXBuildFile; fileRef = E68C0F372C707A2B00532140 /* ExploreViewModel.swift */; };
		E68C0F402C707CAA00532140 /* +BabyMealRecommenderUseCase.swift in Sources */ = {isa = PBXBuildFile; fileRef = E68C0F3F2C707CA400532140 /* +BabyMealRecommenderUseCase.swift */; };
		E68C0F422C707F8F00532140 /* BabyMealJsonPreview.swift in Sources */ = {isa = PBXBuildFile; fileRef = E68C0F412C707F8700532140 /* BabyMealJsonPreview.swift */; };
		E68C0F442C7082DF00532140 /* RecipeCardPlaceholder.swift in Sources */ = {isa = PBXBuildFile; fileRef = E68C0F432C7082D600532140 /* RecipeCardPlaceholder.swift */; };
		E68C0F472C70832D00532140 /* LoadingCard.swift in Sources */ = {isa = PBXBuildFile; fileRef = E68C0F462C70832A00532140 /* LoadingCard.swift */; };
		E68C0F4A2C708CAB00532140 /* AIServiceStatusEnum.swift in Sources */ = {isa = PBXBuildFile; fileRef = E68C0F492C708CA700532140 /* AIServiceStatusEnum.swift */; };
		E68C0F4C2C708CFA00532140 /* +Publisher.swift in Sources */ = {isa = PBXBuildFile; fileRef = E68C0F4B2C708CF500532140 /* +Publisher.swift */; };
		E68C0F4E2C708D5600532140 /* AIBlockingResponse.swift in Sources */ = {isa = PBXBuildFile; fileRef = E68C0F4D2C708D5100532140 /* AIBlockingResponse.swift */; };
		E68C0F502C70914900532140 /* BabyMealDetailViewModel.swift in Sources */ = {isa = PBXBuildFile; fileRef = E68C0F4F2C70914300532140 /* BabyMealDetailViewModel.swift */; };
		E68C0F542C70918B00532140 /* BabyMealDetailPreview.swift in Sources */ = {isa = PBXBuildFile; fileRef = E68C0F532C70918600532140 /* BabyMealDetailPreview.swift */; };
		E68C0F562C7091F100532140 /* BabyMealDetailViewControllerRepresentable.swift in Sources */ = {isa = PBXBuildFile; fileRef = E68C0F552C7091DE00532140 /* BabyMealDetailViewControllerRepresentable.swift */; };
/* End PBXBuildFile section */

/* Begin PBXContainerItemProxy section */
		E67BD9012C746174006393F4 /* PBXContainerItemProxy */ = {
			isa = PBXContainerItemProxy;
			containerPortal = 3AB03C342C6DE845001F5473 /* Project object */;
			proxyType = 1;
			remoteGlobalIDString = 3AB03C3B2C6DE845001F5473;
			remoteInfo = KiddyEatsApp;
		};
/* End PBXContainerItemProxy section */

/* Begin PBXFileReference section */
		3A54509F2C71DA230090EE0F /* ReactionPromptView.swift */ = {isa = PBXFileReference; lastKnownFileType = sourcecode.swift; path = ReactionPromptView.swift; sourceTree = "<group>"; };
		3A5450A22C71DDC10090EE0F /* RadioButton.swift */ = {isa = PBXFileReference; lastKnownFileType = sourcecode.swift; path = RadioButton.swift; sourceTree = "<group>"; };
		3A5450A42C71E1460090EE0F /* ReactionLoggerViewModel.swift */ = {isa = PBXFileReference; lastKnownFileType = sourcecode.swift; path = ReactionLoggerViewModel.swift; sourceTree = "<group>"; };
		3A5450A72C71E1D00090EE0F /* ReactionStatus.swift */ = {isa = PBXFileReference; lastKnownFileType = sourcecode.swift; path = ReactionStatus.swift; sourceTree = "<group>"; };
		3A5450A92C71E2520090EE0F /* ReactionDetails.swift */ = {isa = PBXFileReference; lastKnownFileType = sourcecode.swift; path = ReactionDetails.swift; sourceTree = "<group>"; };
		3A5450AB2C71E6420090EE0F /* ReactionChooseListView.swift */ = {isa = PBXFileReference; lastKnownFileType = sourcecode.swift; path = ReactionChooseListView.swift; sourceTree = "<group>"; };
		3A5450AD2C71E9970090EE0F /* CheckboxButton.swift */ = {isa = PBXFileReference; lastKnownFileType = sourcecode.swift; path = CheckboxButton.swift; sourceTree = "<group>"; };
		3A5450B22C71F40B0090EE0F /* KiddyEatsButtonStyle.swift */ = {isa = PBXFileReference; lastKnownFileType = sourcecode.swift; path = KiddyEatsButtonStyle.swift; sourceTree = "<group>"; };
		3A5450B42C71F79F0090EE0F /* ReactionEndingView.swift */ = {isa = PBXFileReference; lastKnownFileType = sourcecode.swift; path = ReactionEndingView.swift; sourceTree = "<group>"; };
		3A5450B72C72E8740090EE0F /* MainTabView.swift */ = {isa = PBXFileReference; lastKnownFileType = sourcecode.swift; path = MainTabView.swift; sourceTree = "<group>"; };
		3A5450BA2C72FE4B0090EE0F /* ModelContextManager.swift */ = {isa = PBXFileReference; lastKnownFileType = sourcecode.swift; path = ModelContextManager.swift; sourceTree = "<group>"; };
		3A5450BD2C72FE910090EE0F /* BabyProfileSchema.swift */ = {isa = PBXFileReference; lastKnownFileType = sourcecode.swift; path = BabyProfileSchema.swift; sourceTree = "<group>"; };
		3A5450BF2C72FEDF0090EE0F /* BabyMealSchema.swift */ = {isa = PBXFileReference; lastKnownFileType = sourcecode.swift; path = BabyMealSchema.swift; sourceTree = "<group>"; };
		3A5450C42C73048D0090EE0F /* BabyProfileRepositoryImpl.swift */ = {isa = PBXFileReference; lastKnownFileType = sourcecode.swift; path = BabyProfileRepositoryImpl.swift; sourceTree = "<group>"; };
		3A5450C62C73072C0090EE0F /* ResponseError.swift */ = {isa = PBXFileReference; lastKnownFileType = sourcecode.swift; path = ResponseError.swift; sourceTree = "<group>"; };
		3A5450C92C730A4D0090EE0F /* GetBabyProfileData.swift */ = {isa = PBXFileReference; lastKnownFileType = sourcecode.swift; path = GetBabyProfileData.swift; sourceTree = "<group>"; };
		3A5450CC2C730A930090EE0F /* BabyProfile.swift */ = {isa = PBXFileReference; fileEncoding = 4; lastKnownFileType = sourcecode.swift; path = BabyProfile.swift; sourceTree = "<group>"; };
		3A5450CE2C730A990090EE0F /* BabyMeal.swift */ = {isa = PBXFileReference; fileEncoding = 4; lastKnownFileType = sourcecode.swift; path = BabyMeal.swift; sourceTree = "<group>"; };
		3A5450D22C730AD30090EE0F /* BabyProfileRepositoryProtocol.swift */ = {isa = PBXFileReference; lastKnownFileType = sourcecode.swift; path = BabyProfileRepositoryProtocol.swift; sourceTree = "<group>"; };
		3A5450D52C73815B0090EE0F /* BabyGlobalConfigurationViewModel.swift */ = {isa = PBXFileReference; lastKnownFileType = sourcecode.swift; path = BabyGlobalConfigurationViewModel.swift; sourceTree = "<group>"; };
		3A5450D72C7387830090EE0F /* CreateBabyProfileData.swift */ = {isa = PBXFileReference; lastKnownFileType = sourcecode.swift; path = CreateBabyProfileData.swift; sourceTree = "<group>"; };
		3A5450D92C74D7390090EE0F /* SaveBabyMealUseCase.swift */ = {isa = PBXFileReference; lastKnownFileType = sourcecode.swift; path = SaveBabyMealUseCase.swift; sourceTree = "<group>"; };
		3A5450DB2C74E0E20090EE0F /* GetBabymealUseCase.swift */ = {isa = PBXFileReference; lastKnownFileType = sourcecode.swift; path = GetBabymealUseCase.swift; sourceTree = "<group>"; };
		3A5450E42C75DB900090EE0F /* EditProfileView.swift */ = {isa = PBXFileReference; lastKnownFileType = sourcecode.swift; path = EditProfileView.swift; sourceTree = "<group>"; };
		3A5450E62C75DFD90090EE0F /* KiddyEatsDatePicker.swift */ = {isa = PBXFileReference; lastKnownFileType = sourcecode.swift; path = KiddyEatsDatePicker.swift; sourceTree = "<group>"; };
		3A5450E82C75EA0C0090EE0F /* KiddyEatsAllergenList.swift */ = {isa = PBXFileReference; lastKnownFileType = sourcecode.swift; path = KiddyEatsAllergenList.swift; sourceTree = "<group>"; };
		3AB03C3C2C6DE845001F5473 /* KiddyEatsApp.app */ = {isa = PBXFileReference; explicitFileType = wrapper.application; includeInIndex = 0; path = KiddyEatsApp.app; sourceTree = BUILT_PRODUCTS_DIR; };
		3AB03C3F2C6DE845001F5473 /* KiddyEatsApp.swift */ = {isa = PBXFileReference; lastKnownFileType = sourcecode.swift; path = KiddyEatsApp.swift; sourceTree = "<group>"; };
		3AB03C432C6DE848001F5473 /* Assets.xcassets */ = {isa = PBXFileReference; lastKnownFileType = folder.assetcatalog; path = Assets.xcassets; sourceTree = "<group>"; };
		3AB03C462C6DE848001F5473 /* Preview Assets.xcassets */ = {isa = PBXFileReference; lastKnownFileType = folder.assetcatalog; path = "Preview Assets.xcassets"; sourceTree = "<group>"; };
		3AB03C4E2C6F3B77001F5473 /* StartingOnboardingView.swift */ = {isa = PBXFileReference; lastKnownFileType = sourcecode.swift; path = StartingOnboardingView.swift; sourceTree = "<group>"; };
		3AB03C502C6F3BBB001F5473 /* OnboardingBabyInfo.swift */ = {isa = PBXFileReference; lastKnownFileType = sourcecode.swift; path = OnboardingBabyInfo.swift; sourceTree = "<group>"; };
		3AB03C522C6F3C04001F5473 /* OnboardingBabyGender.swift */ = {isa = PBXFileReference; lastKnownFileType = sourcecode.swift; path = OnboardingBabyGender.swift; sourceTree = "<group>"; };
		3AB03C542C6F3C51001F5473 /* OnboardingBabyAllergies.swift */ = {isa = PBXFileReference; lastKnownFileType = sourcecode.swift; path = OnboardingBabyAllergies.swift; sourceTree = "<group>"; };
		3AB03C572C6F3F2E001F5473 /* KiddyEatsTextField.swift */ = {isa = PBXFileReference; lastKnownFileType = sourcecode.swift; path = KiddyEatsTextField.swift; sourceTree = "<group>"; };
		3AB03C592C6F890D001F5473 /* FlexibleView.swift */ = {isa = PBXFileReference; lastKnownFileType = sourcecode.swift; path = FlexibleView.swift; sourceTree = "<group>"; };
		3AB03C5C2C6F8E4D001F5473 /* OnboardingView.swift */ = {isa = PBXFileReference; lastKnownFileType = sourcecode.swift; path = OnboardingView.swift; sourceTree = "<group>"; };
		3AB03C642C6F96D6001F5473 /* BabyOnboardingInformationViewModel.swift */ = {isa = PBXFileReference; lastKnownFileType = sourcecode.swift; path = BabyOnboardingInformationViewModel.swift; sourceTree = "<group>"; };
		3AB03C662C6F9722001F5473 /* Gender.swift */ = {isa = PBXFileReference; lastKnownFileType = sourcecode.swift; path = Gender.swift; sourceTree = "<group>"; };
		3AB03C682C6F9A2E001F5473 /* OnboardingGenderChoice.swift */ = {isa = PBXFileReference; lastKnownFileType = sourcecode.swift; path = OnboardingGenderChoice.swift; sourceTree = "<group>"; };
		3AB03C6A2C6F9A4F001F5473 /* TagsComponent.swift */ = {isa = PBXFileReference; lastKnownFileType = sourcecode.swift; path = TagsComponent.swift; sourceTree = "<group>"; };
		3AB03C6F2C6F9A9F001F5473 /* +View.swift */ = {isa = PBXFileReference; lastKnownFileType = sourcecode.swift; path = "+View.swift"; sourceTree = "<group>"; };
		3AB03C722C70E7E8001F5473 /* ReactionFormView.swift */ = {isa = PBXFileReference; lastKnownFileType = sourcecode.swift; path = ReactionFormView.swift; sourceTree = "<group>"; };
		E40EEFAC2C732CDE00BCD991 /* CollectionRecipeView.swift */ = {isa = PBXFileReference; fileEncoding = 4; lastKnownFileType = sourcecode.swift; path = CollectionRecipeView.swift; sourceTree = "<group>"; };
		E40EEFAD2C732CDE00BCD991 /* CollectionSegment.swift */ = {isa = PBXFileReference; fileEncoding = 4; lastKnownFileType = sourcecode.swift; path = CollectionSegment.swift; sourceTree = "<group>"; };
		E40EEFAE2C732CDE00BCD991 /* CollectionView.swift */ = {isa = PBXFileReference; fileEncoding = 4; lastKnownFileType = sourcecode.swift; path = CollectionView.swift; sourceTree = "<group>"; };
		E40EEFB12C732CDE00BCD991 /* RecipeRowView.swift */ = {isa = PBXFileReference; fileEncoding = 4; lastKnownFileType = sourcecode.swift; path = RecipeRowView.swift; sourceTree = "<group>"; };
		E40EEFBC2C732E0000BCD991 /* AIServiceKeys.swift */ = {isa = PBXFileReference; lastKnownFileType = sourcecode.swift; path = AIServiceKeys.swift; sourceTree = "<group>"; };
		E40EEFC32C7433B800BCD991 /* FilterBabyMealUseCase.swift */ = {isa = PBXFileReference; lastKnownFileType = sourcecode.swift; path = FilterBabyMealUseCase.swift; sourceTree = "<group>"; };
		E40EEFC72C743E7600BCD991 /* BabyMealRepositoryProtocol.swift */ = {isa = PBXFileReference; lastKnownFileType = sourcecode.swift; path = BabyMealRepositoryProtocol.swift; sourceTree = "<group>"; };
		E40EEFC92C743EF500BCD991 /* BabyMealRepositoryImpl.swift */ = {isa = PBXFileReference; lastKnownFileType = sourcecode.swift; path = BabyMealRepositoryImpl.swift; sourceTree = "<group>"; };
		E40EEFCC2C74405E00BCD991 /* GetBabyMealList.swift */ = {isa = PBXFileReference; lastKnownFileType = sourcecode.swift; path = GetBabyMealList.swift; sourceTree = "<group>"; };
		E40EEFCE2C7441EA00BCD991 /* BabyMealListViewModel.swift */ = {isa = PBXFileReference; lastKnownFileType = sourcecode.swift; path = BabyMealListViewModel.swift; sourceTree = "<group>"; };
		E40EEFD02C74465100BCD991 /* GetBabyMealAllergicList.swift */ = {isa = PBXFileReference; lastKnownFileType = sourcecode.swift; path = GetBabyMealAllergicList.swift; sourceTree = "<group>"; };
		E40EEFD22C74530300BCD991 /* DeleteBabyMealUseCase.swift */ = {isa = PBXFileReference; lastKnownFileType = sourcecode.swift; path = DeleteBabyMealUseCase.swift; sourceTree = "<group>"; };
		E40EEFD52C746DB100BCD991 /* ProfileView.swift */ = {isa = PBXFileReference; lastKnownFileType = sourcecode.swift; path = ProfileView.swift; sourceTree = "<group>"; };
		E40EEFD82C747D8000BCD991 /* EditBabyProfileViewModel.swift */ = {isa = PBXFileReference; lastKnownFileType = sourcecode.swift; path = EditBabyProfileViewModel.swift; sourceTree = "<group>"; };
		E40EEFDA2C7487EA00BCD991 /* UpdateBabyProfileData.swift */ = {isa = PBXFileReference; lastKnownFileType = sourcecode.swift; path = UpdateBabyProfileData.swift; sourceTree = "<group>"; };
		E61272632C6DE92E007698E6 /* ExploreView.swift */ = {isa = PBXFileReference; lastKnownFileType = sourcecode.swift; path = ExploreView.swift; sourceTree = "<group>"; };
		E61272692C6DEDBC007698E6 /* AIService.swift */ = {isa = PBXFileReference; lastKnownFileType = sourcecode.swift; path = AIService.swift; sourceTree = "<group>"; };
		E612726D2C6E0264007698E6 /* BabyMealDetailViewController.swift */ = {isa = PBXFileReference; lastKnownFileType = sourcecode.swift; path = BabyMealDetailViewController.swift; sourceTree = "<group>"; };
		E67BD8F52C743A04006393F4 /* AIServiceKeys.swift */ = {isa = PBXFileReference; lastKnownFileType = sourcecode.swift; path = AIServiceKeys.swift; sourceTree = "<group>"; };
		E67BD8F72C744E09006393F4 /* ErrorContainer.swift */ = {isa = PBXFileReference; lastKnownFileType = sourcecode.swift; path = ErrorContainer.swift; sourceTree = "<group>"; };
		E67BD8FD2C746174006393F4 /* KiddyEatsAppTests.xctest */ = {isa = PBXFileReference; explicitFileType = wrapper.cfbundle; includeInIndex = 0; path = KiddyEatsAppTests.xctest; sourceTree = BUILT_PRODUCTS_DIR; };
		E67BD9072C74620A006393F4 /* FakeBabyProfileRepository.swift */ = {isa = PBXFileReference; lastKnownFileType = sourcecode.swift; path = FakeBabyProfileRepository.swift; sourceTree = "<group>"; };
		E67BD9092C74621D006393F4 /* BabyProfileRepositoryTests.swift */ = {isa = PBXFileReference; lastKnownFileType = sourcecode.swift; path = BabyProfileRepositoryTests.swift; sourceTree = "<group>"; };
		E67BD90B2C7464DA006393F4 /* ExploreViewModelTests.swift */ = {isa = PBXFileReference; lastKnownFileType = sourcecode.swift; path = ExploreViewModelTests.swift; sourceTree = "<group>"; };
		E67BD90E2C7467F8006393F4 /* BabyMealJsonParserTests.swift */ = {isa = PBXFileReference; lastKnownFileType = sourcecode.swift; path = BabyMealJsonParserTests.swift; sourceTree = "<group>"; };
		E67BD9112C75DE1C006393F4 /* LogReactionButton.swift */ = {isa = PBXFileReference; lastKnownFileType = sourcecode.swift; path = LogReactionButton.swift; sourceTree = "<group>"; };
		E67BD9132C75DE7D006393F4 /* SaveToCollectionsButton.swift */ = {isa = PBXFileReference; lastKnownFileType = sourcecode.swift; path = SaveToCollectionsButton.swift; sourceTree = "<group>"; };
		E67BD9172C75EEEB006393F4 /* EmojiUILabel.swift */ = {isa = PBXFileReference; lastKnownFileType = sourcecode.swift; path = EmojiUILabel.swift; sourceTree = "<group>"; };
		E67BD9192C75EEFF006393F4 /* TitleUILabel.swift */ = {isa = PBXFileReference; lastKnownFileType = sourcecode.swift; path = TitleUILabel.swift; sourceTree = "<group>"; };
		E67BD91B2C75EF0B006393F4 /* AllergensUIView.swift */ = {isa = PBXFileReference; lastKnownFileType = sourcecode.swift; path = AllergensUIView.swift; sourceTree = "<group>"; };
		E67BD91D2C75EF1B006393F4 /* ButtonHostingController.swift */ = {isa = PBXFileReference; lastKnownFileType = sourcecode.swift; path = ButtonHostingController.swift; sourceTree = "<group>"; };
		E67BD91F2C75EF23006393F4 /* HeaderUIView.swift */ = {isa = PBXFileReference; lastKnownFileType = sourcecode.swift; path = HeaderUIView.swift; sourceTree = "<group>"; };
		E67BD9212C75EF3A006393F4 /* BulletListUILabel.swift */ = {isa = PBXFileReference; lastKnownFileType = sourcecode.swift; path = BulletListUILabel.swift; sourceTree = "<group>"; };
		E67BD9232C75F01B006393F4 /* NumberedListUILabel.swift */ = {isa = PBXFileReference; lastKnownFileType = sourcecode.swift; path = NumberedListUILabel.swift; sourceTree = "<group>"; };
		E68C0F2A2C6F473800532140 /* BabyMealRecommenderUseCase.swift */ = {isa = PBXFileReference; lastKnownFileType = sourcecode.swift; path = BabyMealRecommenderUseCase.swift; sourceTree = "<group>"; };
		E68C0F2C2C6F5B6E00532140 /* RecipeCard.swift */ = {isa = PBXFileReference; lastKnownFileType = sourcecode.swift; path = RecipeCard.swift; sourceTree = "<group>"; };
		E68C0F322C7079C500532140 /* +BabyMeal.swift */ = {isa = PBXFileReference; lastKnownFileType = sourcecode.swift; path = "+BabyMeal.swift"; sourceTree = "<group>"; };
		E68C0F372C707A2B00532140 /* ExploreViewModel.swift */ = {isa = PBXFileReference; lastKnownFileType = sourcecode.swift; path = ExploreViewModel.swift; sourceTree = "<group>"; };
		E68C0F3F2C707CA400532140 /* +BabyMealRecommenderUseCase.swift */ = {isa = PBXFileReference; lastKnownFileType = sourcecode.swift; path = "+BabyMealRecommenderUseCase.swift"; sourceTree = "<group>"; };
		E68C0F412C707F8700532140 /* BabyMealJsonPreview.swift */ = {isa = PBXFileReference; lastKnownFileType = sourcecode.swift; path = BabyMealJsonPreview.swift; sourceTree = "<group>"; };
		E68C0F432C7082D600532140 /* RecipeCardPlaceholder.swift */ = {isa = PBXFileReference; lastKnownFileType = sourcecode.swift; path = RecipeCardPlaceholder.swift; sourceTree = "<group>"; };
		E68C0F462C70832A00532140 /* LoadingCard.swift */ = {isa = PBXFileReference; lastKnownFileType = sourcecode.swift; path = LoadingCard.swift; sourceTree = "<group>"; };
		E68C0F492C708CA700532140 /* AIServiceStatusEnum.swift */ = {isa = PBXFileReference; lastKnownFileType = sourcecode.swift; path = AIServiceStatusEnum.swift; sourceTree = "<group>"; };
		E68C0F4B2C708CF500532140 /* +Publisher.swift */ = {isa = PBXFileReference; lastKnownFileType = sourcecode.swift; path = "+Publisher.swift"; sourceTree = "<group>"; };
		E68C0F4D2C708D5100532140 /* AIBlockingResponse.swift */ = {isa = PBXFileReference; lastKnownFileType = sourcecode.swift; path = AIBlockingResponse.swift; sourceTree = "<group>"; };
		E68C0F4F2C70914300532140 /* BabyMealDetailViewModel.swift */ = {isa = PBXFileReference; lastKnownFileType = sourcecode.swift; path = BabyMealDetailViewModel.swift; sourceTree = "<group>"; };
		E68C0F532C70918600532140 /* BabyMealDetailPreview.swift */ = {isa = PBXFileReference; lastKnownFileType = sourcecode.swift; path = BabyMealDetailPreview.swift; sourceTree = "<group>"; };
		E68C0F552C7091DE00532140 /* BabyMealDetailViewControllerRepresentable.swift */ = {isa = PBXFileReference; lastKnownFileType = sourcecode.swift; path = BabyMealDetailViewControllerRepresentable.swift; sourceTree = "<group>"; };
/* End PBXFileReference section */

/* Begin PBXFrameworksBuildPhase section */
		3AB03C392C6DE845001F5473 /* Frameworks */ = {
			isa = PBXFrameworksBuildPhase;
			buildActionMask = 2147483647;
			files = (
			);
			runOnlyForDeploymentPostprocessing = 0;
		};
		E67BD8FA2C746174006393F4 /* Frameworks */ = {
			isa = PBXFrameworksBuildPhase;
			buildActionMask = 2147483647;
			files = (
			);
			runOnlyForDeploymentPostprocessing = 0;
		};
/* End PBXFrameworksBuildPhase section */

/* Begin PBXGroup section */
		3A54509E2C71DA070090EE0F /* Pages */ = {
			isa = PBXGroup;
			children = (
				3A54509F2C71DA230090EE0F /* ReactionPromptView.swift */,
				3A5450AB2C71E6420090EE0F /* ReactionChooseListView.swift */,
				3A5450B42C71F79F0090EE0F /* ReactionEndingView.swift */,
			);
			path = Pages;
			sourceTree = "<group>";
		};
		3A5450A12C71DDB40090EE0F /* Components */ = {
			isa = PBXGroup;
			children = (
				3A5450A22C71DDC10090EE0F /* RadioButton.swift */,
				3A5450AD2C71E9970090EE0F /* CheckboxButton.swift */,
			);
			path = Components;
			sourceTree = "<group>";
		};
		3A5450A62C71E1C20090EE0F /* Enums */ = {
			isa = PBXGroup;
			children = (
				3A5450A72C71E1D00090EE0F /* ReactionStatus.swift */,
				3A5450A92C71E2520090EE0F /* ReactionDetails.swift */,
				3A5450C62C73072C0090EE0F /* ResponseError.swift */,
				E40EEFAD2C732CDE00BCD991 /* CollectionSegment.swift */,
			);
			path = Enums;
			sourceTree = "<group>";
		};
		3A5450B12C71F3FB0090EE0F /* CustomStyle */ = {
			isa = PBXGroup;
			children = (
				3A5450B22C71F40B0090EE0F /* KiddyEatsButtonStyle.swift */,
			);
			path = CustomStyle;
			sourceTree = "<group>";
		};
		3A5450B62C72E8570090EE0F /* Main */ = {
			isa = PBXGroup;
			children = (
				3A5450B72C72E8740090EE0F /* MainTabView.swift */,
			);
			path = Main;
			sourceTree = "<group>";
		};
		3A5450B92C72FD720090EE0F /* Data */ = {
			isa = PBXGroup;
			children = (
				3A5450BA2C72FE4B0090EE0F /* ModelContextManager.swift */,
				E612725C2C6DE92E007698E6 /* Service */,
				3A5450C12C73035D0090EE0F /* Repository */,
				3A5450BC2C72FE740090EE0F /* Schema */,
			);
			path = Data;
			sourceTree = "<group>";
		};
		3A5450BC2C72FE740090EE0F /* Schema */ = {
			isa = PBXGroup;
			children = (
				3A5450BD2C72FE910090EE0F /* BabyProfileSchema.swift */,
				3A5450BF2C72FEDF0090EE0F /* BabyMealSchema.swift */,
			);
			path = Schema;
			sourceTree = "<group>";
		};
		3A5450C12C73035D0090EE0F /* Repository */ = {
			isa = PBXGroup;
			children = (
				3A5450C42C73048D0090EE0F /* BabyProfileRepositoryImpl.swift */,
				E40EEFC92C743EF500BCD991 /* BabyMealRepositoryImpl.swift */,
			);
			path = Repository;
			sourceTree = "<group>";
		};
		3A5450C82C730A3E0090EE0F /* BabyProfile */ = {
			isa = PBXGroup;
			children = (
				3A5450C92C730A4D0090EE0F /* GetBabyProfileData.swift */,
				3A5450D72C7387830090EE0F /* CreateBabyProfileData.swift */,
				E40EEFDA2C7487EA00BCD991 /* UpdateBabyProfileData.swift */,
			);
			path = BabyProfile;
			sourceTree = "<group>";
		};
		3A5450CB2C730A6D0090EE0F /* Domain */ = {
			isa = PBXGroup;
			children = (
				3A5450D02C730AAC0090EE0F /* Repository */,
				E61272602C6DE92E007698E6 /* Entity */,
				E68C0F292C6F473100532140 /* UseCase */,
			);
			path = Domain;
			sourceTree = "<group>";
		};
		3A5450D02C730AAC0090EE0F /* Repository */ = {
			isa = PBXGroup;
			children = (
				3A5450D22C730AD30090EE0F /* BabyProfileRepositoryProtocol.swift */,
				E40EEFC72C743E7600BCD991 /* BabyMealRepositoryProtocol.swift */,
			);
			path = Repository;
			sourceTree = "<group>";
		};
		3A5450D42C730AF60090EE0F /* Presentation */ = {
			isa = PBXGroup;
			children = (
				3AB03C632C6F96C5001F5473 /* ViewModel */,
				E61272622C6DE92E007698E6 /* View */,
			);
			path = Presentation;
			sourceTree = "<group>";
		};
		3A5450EA2C75EF1B0090EE0F /* Shared */ = {
			isa = PBXGroup;
			children = (
				3AB03C6A2C6F9A4F001F5473 /* TagsComponent.swift */,
				3A5450E82C75EA0C0090EE0F /* KiddyEatsAllergenList.swift */,
				3A5450E62C75DFD90090EE0F /* KiddyEatsDatePicker.swift */,
				3AB03C572C6F3F2E001F5473 /* KiddyEatsTextField.swift */,
				3AB03C592C6F890D001F5473 /* FlexibleView.swift */,
			);
			path = Shared;
			sourceTree = "<group>";
		};
		3AB03C332C6DE845001F5473 = {
			isa = PBXGroup;
			children = (
				3AB03C3E2C6DE845001F5473 /* KiddyEatsApp */,
				E67BD8FE2C746174006393F4 /* KiddyEatsAppTests */,
				3AB03C3D2C6DE845001F5473 /* Products */,
			);
			sourceTree = "<group>";
		};
		3AB03C3D2C6DE845001F5473 /* Products */ = {
			isa = PBXGroup;
			children = (
				3AB03C3C2C6DE845001F5473 /* KiddyEatsApp.app */,
				E67BD8FD2C746174006393F4 /* KiddyEatsAppTests.xctest */,
			);
			name = Products;
			sourceTree = "<group>";
		};
		3AB03C3E2C6DE845001F5473 /* KiddyEatsApp */ = {
			isa = PBXGroup;
			children = (
				3A5450B92C72FD720090EE0F /* Data */,
				3A5450CB2C730A6D0090EE0F /* Domain */,
				3AB03C6D2C6F9A8F001F5473 /* Helper */,
				3A5450D42C730AF60090EE0F /* Presentation */,
				3AB03C452C6DE848001F5473 /* Preview Content */,
				3AB03C3F2C6DE845001F5473 /* KiddyEatsApp.swift */,
				3AB03C432C6DE848001F5473 /* Assets.xcassets */,
			);
			path = KiddyEatsApp;
			sourceTree = "<group>";
		};
		3AB03C452C6DE848001F5473 /* Preview Content */ = {
			isa = PBXGroup;
			children = (
				E68C0F412C707F8700532140 /* BabyMealJsonPreview.swift */,
				3AB03C462C6DE848001F5473 /* Preview Assets.xcassets */,
			);
			path = "Preview Content";
			sourceTree = "<group>";
		};
		3AB03C4D2C6F3B61001F5473 /* Onboarding */ = {
			isa = PBXGroup;
			children = (
				3AB03C5C2C6F8E4D001F5473 /* OnboardingView.swift */,
				3AB03C562C6F3F18001F5473 /* Components */,
				3AB03C5B2C6F8E27001F5473 /* Pages */,
			);
			path = Onboarding;
			sourceTree = "<group>";
		};
		3AB03C562C6F3F18001F5473 /* Components */ = {
			isa = PBXGroup;
			children = (
				3AB03C682C6F9A2E001F5473 /* OnboardingGenderChoice.swift */,
			);
			path = Components;
			sourceTree = "<group>";
		};
		3AB03C5B2C6F8E27001F5473 /* Pages */ = {
			isa = PBXGroup;
			children = (
				3AB03C4E2C6F3B77001F5473 /* StartingOnboardingView.swift */,
				3AB03C502C6F3BBB001F5473 /* OnboardingBabyInfo.swift */,
				3AB03C522C6F3C04001F5473 /* OnboardingBabyGender.swift */,
				3AB03C542C6F3C51001F5473 /* OnboardingBabyAllergies.swift */,
			);
			path = Pages;
			sourceTree = "<group>";
		};
		3AB03C632C6F96C5001F5473 /* ViewModel */ = {
			isa = PBXGroup;
			children = (
				3A5450A62C71E1C20090EE0F /* Enums */,
				3AB03C642C6F96D6001F5473 /* BabyOnboardingInformationViewModel.swift */,
				E68C0F4F2C70914300532140 /* BabyMealDetailViewModel.swift */,
				E68C0F372C707A2B00532140 /* ExploreViewModel.swift */,
				3A5450A42C71E1460090EE0F /* ReactionLoggerViewModel.swift */,
				3A5450D52C73815B0090EE0F /* BabyGlobalConfigurationViewModel.swift */,
				E40EEFCE2C7441EA00BCD991 /* BabyMealListViewModel.swift */,
				E40EEFD82C747D8000BCD991 /* EditBabyProfileViewModel.swift */,
			);
			path = ViewModel;
			sourceTree = "<group>";
		};
		3AB03C6D2C6F9A8F001F5473 /* Helper */ = {
			isa = PBXGroup;
			children = (
				3AB03C6E2C6F9A93001F5473 /* Extensions */,
			);
			path = Helper;
			sourceTree = "<group>";
		};
		3AB03C6E2C6F9A93001F5473 /* Extensions */ = {
			isa = PBXGroup;
			children = (
				3AB03C6F2C6F9A9F001F5473 /* +View.swift */,
				E68C0F4B2C708CF500532140 /* +Publisher.swift */,
				E68C0F3F2C707CA400532140 /* +BabyMealRecommenderUseCase.swift */,
				E68C0F322C7079C500532140 /* +BabyMeal.swift */,
			);
			path = Extensions;
			sourceTree = "<group>";
		};
		3AB03C712C70E7D6001F5473 /* ReactionForm */ = {
			isa = PBXGroup;
			children = (
				3AB03C722C70E7E8001F5473 /* ReactionFormView.swift */,
				3A5450A12C71DDB40090EE0F /* Components */,
				3A54509E2C71DA070090EE0F /* Pages */,
			);
			path = ReactionForm;
			sourceTree = "<group>";
		};
		E40EEFB22C732CDE00BCD991 /* Collection */ = {
			isa = PBXGroup;
			children = (
				E40EEFAE2C732CDE00BCD991 /* CollectionView.swift */,
				E40EEFBA2C732D0400BCD991 /* Components */,
				E40EEFBB2C732D2300BCD991 /* Pages */,
			);
			path = Collection;
			sourceTree = "<group>";
		};
		E40EEFBA2C732D0400BCD991 /* Components */ = {
			isa = PBXGroup;
			children = (
				E40EEFB12C732CDE00BCD991 /* RecipeRowView.swift */,
			);
			path = Components;
			sourceTree = "<group>";
		};
		E40EEFBB2C732D2300BCD991 /* Pages */ = {
			isa = PBXGroup;
			children = (
				E40EEFAC2C732CDE00BCD991 /* CollectionRecipeView.swift */,
			);
			path = Pages;
			sourceTree = "<group>";
		};
		E40EEFCB2C74403D00BCD991 /* BabyMeal */ = {
			isa = PBXGroup;
			children = (
				E40EEFCC2C74405E00BCD991 /* GetBabyMealList.swift */,
				E40EEFC32C7433B800BCD991 /* FilterBabyMealUseCase.swift */,
				E40EEFD02C74465100BCD991 /* GetBabyMealAllergicList.swift */,
				E40EEFD22C74530300BCD991 /* DeleteBabyMealUseCase.swift */,
				3A5450D92C74D7390090EE0F /* SaveBabyMealUseCase.swift */,
				3A5450DB2C74E0E20090EE0F /* GetBabymealUseCase.swift */,
			);
			path = BabyMeal;
			sourceTree = "<group>";
		};
		E40EEFD42C746D7800BCD991 /* Profile */ = {
			isa = PBXGroup;
			children = (
				E40EEFD52C746DB100BCD991 /* ProfileView.swift */,
				3A5450E42C75DB900090EE0F /* EditProfileView.swift */,
			);
			path = Profile;
			sourceTree = "<group>";
		};
		E40EEFD72C747D2300BCD991 /* Explore */ = {
			isa = PBXGroup;
			children = (
				E68C0F2A2C6F473800532140 /* BabyMealRecommenderUseCase.swift */,
			);
			path = Explore;
			sourceTree = "<group>";
		};
		E612725C2C6DE92E007698E6 /* Service */ = {
			isa = PBXGroup;
			children = (
				E68C0F392C707A4700532140 /* AI */,
			);
			path = Service;
			sourceTree = "<group>";
		};
		E61272602C6DE92E007698E6 /* Entity */ = {
			isa = PBXGroup;
			children = (
				3A5450CE2C730A990090EE0F /* BabyMeal.swift */,
				3A5450CC2C730A930090EE0F /* BabyProfile.swift */,
				3AB03C662C6F9722001F5473 /* Gender.swift */,
			);
			path = Entity;
			sourceTree = "<group>";
		};
		E61272622C6DE92E007698E6 /* View */ = {
			isa = PBXGroup;
			children = (
				3A5450EA2C75EF1B0090EE0F /* Shared */,
				3A5450B62C72E8570090EE0F /* Main */,
				3A5450B12C71F3FB0090EE0F /* CustomStyle */,
				3AB03C712C70E7D6001F5473 /* ReactionForm */,
				3AB03C4D2C6F3B61001F5473 /* Onboarding */,
				E67BD8E62C709887006393F4 /* Explore */,
				E40EEFB22C732CDE00BCD991 /* Collection */,
				E40EEFD42C746D7800BCD991 /* Profile */,
				E68C0F362C707A1200532140 /* BabyMealDetail */,
			);
			path = View;
			sourceTree = "<group>";
		};
		E67BD8E62C709887006393F4 /* Explore */ = {
			isa = PBXGroup;
			children = (
				E61272632C6DE92E007698E6 /* ExploreView.swift */,
				E68C0F452C70831200532140 /* Components */,
			);
			path = Explore;
			sourceTree = "<group>";
		};
		E67BD8FE2C746174006393F4 /* KiddyEatsAppTests */ = {
			isa = PBXGroup;
			children = (
				E67BD9062C7461F8006393F4 /* Data */,
				E67BD9092C74621D006393F4 /* BabyProfileRepositoryTests.swift */,
				E67BD90B2C7464DA006393F4 /* ExploreViewModelTests.swift */,
				E67BD90E2C7467F8006393F4 /* BabyMealJsonParserTests.swift */,
			);
			path = KiddyEatsAppTests;
			sourceTree = "<group>";
		};
		E67BD9062C7461F8006393F4 /* Data */ = {
			isa = PBXGroup;
			children = (
				E67BD9072C74620A006393F4 /* FakeBabyProfileRepository.swift */,
			);
			path = Data;
			sourceTree = "<group>";
		};
		E67BD9102C75DDFE006393F4 /* Components */ = {
			isa = PBXGroup;
			children = (
				E67BD9162C75EEC1006393F4 /* SwiftUI */,
				E67BD9152C75EEBB006393F4 /* UIKit */,
			);
			path = Components;
			sourceTree = "<group>";
		};
		E67BD9152C75EEBB006393F4 /* UIKit */ = {
			isa = PBXGroup;
			children = (
				E67BD91D2C75EF1B006393F4 /* ButtonHostingController.swift */,
				E67BD9232C75F01B006393F4 /* NumberedListUILabel.swift */,
				E67BD9212C75EF3A006393F4 /* BulletListUILabel.swift */,
				E67BD91F2C75EF23006393F4 /* HeaderUIView.swift */,
				E67BD91B2C75EF0B006393F4 /* AllergensUIView.swift */,
				E67BD9192C75EEFF006393F4 /* TitleUILabel.swift */,
				E67BD9172C75EEEB006393F4 /* EmojiUILabel.swift */,
			);
			path = UIKit;
			sourceTree = "<group>";
		};
		E67BD9162C75EEC1006393F4 /* SwiftUI */ = {
			isa = PBXGroup;
			children = (
				E67BD9132C75DE7D006393F4 /* SaveToCollectionsButton.swift */,
				E67BD9112C75DE1C006393F4 /* LogReactionButton.swift */,
			);
			path = SwiftUI;
			sourceTree = "<group>";
		};
		E68C0F292C6F473100532140 /* UseCase */ = {
			isa = PBXGroup;
			children = (
				E40EEFD72C747D2300BCD991 /* Explore */,
				E40EEFCB2C74403D00BCD991 /* BabyMeal */,
				3A5450C82C730A3E0090EE0F /* BabyProfile */,
			);
			path = UseCase;
			sourceTree = "<group>";
		};
		E68C0F362C707A1200532140 /* BabyMealDetail */ = {
			isa = PBXGroup;
			children = (
				E67BD9102C75DDFE006393F4 /* Components */,
				E68C0F532C70918600532140 /* BabyMealDetailPreview.swift */,
				E612726D2C6E0264007698E6 /* BabyMealDetailViewController.swift */,
				E68C0F552C7091DE00532140 /* BabyMealDetailViewControllerRepresentable.swift */,
			);
			path = BabyMealDetail;
			sourceTree = "<group>";
		};
		E68C0F392C707A4700532140 /* AI */ = {
			isa = PBXGroup;
			children = (
				E67BD8F52C743A04006393F4 /* AIServiceKeys.swift */,
				E61272692C6DEDBC007698E6 /* AIService.swift */,
				E68C0F492C708CA700532140 /* AIServiceStatusEnum.swift */,
				E68C0F4D2C708D5100532140 /* AIBlockingResponse.swift */,
				E40EEFBC2C732E0000BCD991 /* AIServiceKeys.swift */,
			);
			path = AI;
			sourceTree = "<group>";
		};
		E68C0F452C70831200532140 /* Components */ = {
			isa = PBXGroup;
			children = (
				E67BD8F72C744E09006393F4 /* ErrorContainer.swift */,
				E68C0F462C70832A00532140 /* LoadingCard.swift */,
				E68C0F432C7082D600532140 /* RecipeCardPlaceholder.swift */,
				E68C0F2C2C6F5B6E00532140 /* RecipeCard.swift */,
			);
			path = Components;
			sourceTree = "<group>";
		};
/* End PBXGroup section */

/* Begin PBXNativeTarget section */
		3AB03C3B2C6DE845001F5473 /* KiddyEatsApp */ = {
			isa = PBXNativeTarget;
			buildConfigurationList = 3AB03C4A2C6DE848001F5473 /* Build configuration list for PBXNativeTarget "KiddyEatsApp" */;
			buildPhases = (
				3AB03C382C6DE845001F5473 /* Sources */,
				3AB03C392C6DE845001F5473 /* Frameworks */,
				3AB03C3A2C6DE845001F5473 /* Resources */,
			);
			buildRules = (
			);
			dependencies = (
			);
			name = KiddyEatsApp;
			productName = KiddyEatsApp;
			productReference = 3AB03C3C2C6DE845001F5473 /* KiddyEatsApp.app */;
			productType = "com.apple.product-type.application";
		};
		E67BD8FC2C746174006393F4 /* KiddyEatsAppTests */ = {
			isa = PBXNativeTarget;
			buildConfigurationList = E67BD9032C746174006393F4 /* Build configuration list for PBXNativeTarget "KiddyEatsAppTests" */;
			buildPhases = (
				E67BD8F92C746174006393F4 /* Sources */,
				E67BD8FA2C746174006393F4 /* Frameworks */,
				E67BD8FB2C746174006393F4 /* Resources */,
			);
			buildRules = (
			);
			dependencies = (
				E67BD9022C746174006393F4 /* PBXTargetDependency */,
			);
			name = KiddyEatsAppTests;
			productName = KiddyEatsAppTests;
			productReference = E67BD8FD2C746174006393F4 /* KiddyEatsAppTests.xctest */;
			productType = "com.apple.product-type.bundle.unit-test";
		};
/* End PBXNativeTarget section */

/* Begin PBXProject section */
		3AB03C342C6DE845001F5473 /* Project object */ = {
			isa = PBXProject;
			attributes = {
				BuildIndependentTargetsInParallel = 1;
				LastSwiftUpdateCheck = 1600;
				LastUpgradeCheck = 1540;
				TargetAttributes = {
					3AB03C3B2C6DE845001F5473 = {
						CreatedOnToolsVersion = 15.4;
					};
					E67BD8FC2C746174006393F4 = {
						CreatedOnToolsVersion = 16.0;
						TestTargetID = 3AB03C3B2C6DE845001F5473;
					};
				};
			};
			buildConfigurationList = 3AB03C372C6DE845001F5473 /* Build configuration list for PBXProject "KiddyEatsApp" */;
			compatibilityVersion = "Xcode 14.0";
			developmentRegion = en;
			hasScannedForEncodings = 0;
			knownRegions = (
				en,
				Base,
			);
			mainGroup = 3AB03C332C6DE845001F5473;
			productRefGroup = 3AB03C3D2C6DE845001F5473 /* Products */;
			projectDirPath = "";
			projectRoot = "";
			targets = (
				3AB03C3B2C6DE845001F5473 /* KiddyEatsApp */,
				E67BD8FC2C746174006393F4 /* KiddyEatsAppTests */,
			);
		};
/* End PBXProject section */

/* Begin PBXResourcesBuildPhase section */
		3AB03C3A2C6DE845001F5473 /* Resources */ = {
			isa = PBXResourcesBuildPhase;
			buildActionMask = 2147483647;
			files = (
				3AB03C472C6DE848001F5473 /* Preview Assets.xcassets in Resources */,
				3AB03C442C6DE848001F5473 /* Assets.xcassets in Resources */,
			);
			runOnlyForDeploymentPostprocessing = 0;
		};
		E67BD8FB2C746174006393F4 /* Resources */ = {
			isa = PBXResourcesBuildPhase;
			buildActionMask = 2147483647;
			files = (
			);
			runOnlyForDeploymentPostprocessing = 0;
		};
/* End PBXResourcesBuildPhase section */

/* Begin PBXSourcesBuildPhase section */
		3AB03C382C6DE845001F5473 /* Sources */ = {
			isa = PBXSourcesBuildPhase;
			buildActionMask = 2147483647;
			files = (
				E68C0F4A2C708CAB00532140 /* AIServiceStatusEnum.swift in Sources */,
				E68C0F382C707A2F00532140 /* ExploreViewModel.swift in Sources */,
				3A5450E72C75DFD90090EE0F /* KiddyEatsDatePicker.swift in Sources */,
				E61272652C6DE92E007698E6 /* ExploreView.swift in Sources */,
				E67BD9122C75DE21006393F4 /* LogReactionButton.swift in Sources */,
				E67BD91E2C75EF1C006393F4 /* ButtonHostingController.swift in Sources */,
				E612726A2C6DEDC0007698E6 /* AIService.swift in Sources */,
				3A5450DA2C74D7390090EE0F /* SaveBabyMealUseCase.swift in Sources */,
				3A5450C02C72FEDF0090EE0F /* BabyMealSchema.swift in Sources */,
				E40EEFB62C732CDE00BCD991 /* CollectionView.swift in Sources */,
				E68C0F2D2C6F5B7100532140 /* RecipeCard.swift in Sources */,
				3A5450C72C73072C0090EE0F /* ResponseError.swift in Sources */,
				E68C0F542C70918B00532140 /* BabyMealDetailPreview.swift in Sources */,
				E40EEFCA2C743EF500BCD991 /* BabyMealRepositoryImpl.swift in Sources */,
				E68C0F422C707F8F00532140 /* BabyMealJsonPreview.swift in Sources */,
				E68C0F502C70914900532140 /* BabyMealDetailViewModel.swift in Sources */,
				E68C0F4C2C708CFA00532140 /* +Publisher.swift in Sources */,
				E68C0F472C70832D00532140 /* LoadingCard.swift in Sources */,
				E68C0F2B2C6F473900532140 /* BabyMealRecommenderUseCase.swift in Sources */,
				E40EEFCF2C7441EA00BCD991 /* BabyMealListViewModel.swift in Sources */,
				3A5450B82C72E8740090EE0F /* MainTabView.swift in Sources */,
				E612726E2C6E0272007698E6 /* BabyMealDetailViewController.swift in Sources */,
				E40EEFB52C732CDE00BCD991 /* CollectionSegment.swift in Sources */,
				E68C0F562C7091F100532140 /* BabyMealDetailViewControllerRepresentable.swift in Sources */,
				E40EEFC82C743E7600BCD991 /* BabyMealRepositoryProtocol.swift in Sources */,
				E68C0F442C7082DF00532140 /* RecipeCardPlaceholder.swift in Sources */,
				3A5450BE2C72FE910090EE0F /* BabyProfileSchema.swift in Sources */,
				E67BD9182C75EEF1006393F4 /* EmojiUILabel.swift in Sources */,
				3A5450D62C73815B0090EE0F /* BabyGlobalConfigurationViewModel.swift in Sources */,
				3A5450E52C75DB900090EE0F /* EditProfileView.swift in Sources */,
				E67BD91C2C75EF10006393F4 /* AllergensUIView.swift in Sources */,
				E40EEFD12C74465100BCD991 /* GetBabyMealAllergicList.swift in Sources */,
				3A5450B52C71F79F0090EE0F /* ReactionEndingView.swift in Sources */,
				3A5450A82C71E1D00090EE0F /* ReactionStatus.swift in Sources */,
				3AB03C6B2C6F9A4F001F5473 /* TagsComponent.swift in Sources */,
				3AB03C552C6F3C51001F5473 /* OnboardingBabyAllergies.swift in Sources */,
				E40EEFD92C747D8000BCD991 /* EditBabyProfileViewModel.swift in Sources */,
				E61272652C6DE92E007698E6 /* ExploreView.swift in Sources */,
				3AB03C4F2C6F3B77001F5473 /* StartingOnboardingView.swift in Sources */,
				3AB03C652C6F96D6001F5473 /* BabyOnboardingInformationViewModel.swift in Sources */,
				3A5450C52C73048D0090EE0F /* BabyProfileRepositoryImpl.swift in Sources */,
				E67BD91A2C75EF05006393F4 /* TitleUILabel.swift in Sources */,
				3AB03C512C6F3BBB001F5473 /* OnboardingBabyInfo.swift in Sources */,
				E67BD9142C75DE84006393F4 /* SaveToCollectionsButton.swift in Sources */,
				3A5450A52C71E1460090EE0F /* ReactionLoggerViewModel.swift in Sources */,
				3A5450CD2C730A930090EE0F /* BabyProfile.swift in Sources */,
				3A5450AA2C71E2520090EE0F /* ReactionDetails.swift in Sources */,
				3AB03C582C6F3F2E001F5473 /* KiddyEatsTextField.swift in Sources */,
				E67BD9242C75F01D006393F4 /* NumberedListUILabel.swift in Sources */,
				3A5450A32C71DDC10090EE0F /* RadioButton.swift in Sources */,
				E40EEFD62C746DB100BCD991 /* ProfileView.swift in Sources */,
				3A5450D32C730AD30090EE0F /* BabyProfileRepositoryProtocol.swift in Sources */,
				3A5450A02C71DA230090EE0F /* ReactionPromptView.swift in Sources */,
				3A5450CA2C730A4D0090EE0F /* GetBabyProfileData.swift in Sources */,
				E67BD9202C75EF24006393F4 /* HeaderUIView.swift in Sources */,
				E40EEFC42C7433B800BCD991 /* FilterBabyMealUseCase.swift in Sources */,
				3AB03C672C6F9722001F5473 /* Gender.swift in Sources */,
				E40EEFB92C732CDE00BCD991 /* RecipeRowView.swift in Sources */,
				3AB03C702C6F9A9F001F5473 /* +View.swift in Sources */,
				3A5450B32C71F40B0090EE0F /* KiddyEatsButtonStyle.swift in Sources */,
				3A5450D82C7387830090EE0F /* CreateBabyProfileData.swift in Sources */,
				3AB03C5A2C6F890D001F5473 /* FlexibleView.swift in Sources */,
				3AB03C532C6F3C04001F5473 /* OnboardingBabyGender.swift in Sources */,
				3AB03C692C6F9A2E001F5473 /* OnboardingGenderChoice.swift in Sources */,
				3A5450BB2C72FE4C0090EE0F /* ModelContextManager.swift in Sources */,
				3AB03C5D2C6F8E4D001F5473 /* OnboardingView.swift in Sources */,
				3A5450CF2C730A990090EE0F /* BabyMeal.swift in Sources */,
				3A5450AE2C71E9970090EE0F /* CheckboxButton.swift in Sources */,
				E67BD8F62C743A09006393F4 /* AIServiceKeys.swift in Sources */,
				3A5450AC2C71E6420090EE0F /* ReactionChooseListView.swift in Sources */,
				3A5450DC2C74E0E20090EE0F /* GetBabymealUseCase.swift in Sources */,
				3A5450E92C75EA0C0090EE0F /* KiddyEatsAllergenList.swift in Sources */,
				E67BD9222C75EF3E006393F4 /* BulletListUILabel.swift in Sources */,
				E40EEFCD2C74405E00BCD991 /* GetBabyMealList.swift in Sources */,
				E40EEFBD2C732E0000BCD991 /* AIServiceKeys.swift in Sources */,
				E40EEFB42C732CDE00BCD991 /* CollectionRecipeView.swift in Sources */,
				E68C0F332C7079C800532140 /* +BabyMeal.swift in Sources */,
				E68C0F4E2C708D5600532140 /* AIBlockingResponse.swift in Sources */,
				E67BD8F82C744E0D006393F4 /* ErrorContainer.swift in Sources */,
				E68C0F402C707CAA00532140 /* +BabyMealRecommenderUseCase.swift in Sources */,
				E40EEFD32C74530400BCD991 /* DeleteBabyMealUseCase.swift in Sources */,
				3AB03C402C6DE845001F5473 /* KiddyEatsApp.swift in Sources */,
				E40EEFDB2C7487EA00BCD991 /* UpdateBabyProfileData.swift in Sources */,
				3AB03C732C70E7E8001F5473 /* ReactionFormView.swift in Sources */,
			);
			runOnlyForDeploymentPostprocessing = 0;
		};
		E67BD8F92C746174006393F4 /* Sources */ = {
			isa = PBXSourcesBuildPhase;
			buildActionMask = 2147483647;
			files = (
				E67BD90C2C7464F2006393F4 /* ExploreViewModelTests.swift in Sources */,
				E67BD90F2C746811006393F4 /* BabyMealJsonParserTests.swift in Sources */,
				E67BD90A2C746224006393F4 /* BabyProfileRepositoryTests.swift in Sources */,
				E67BD9082C746212006393F4 /* FakeBabyProfileRepository.swift in Sources */,
			);
			runOnlyForDeploymentPostprocessing = 0;
		};
/* End PBXSourcesBuildPhase section */

/* Begin PBXTargetDependency section */
		E67BD9022C746174006393F4 /* PBXTargetDependency */ = {
			isa = PBXTargetDependency;
			target = 3AB03C3B2C6DE845001F5473 /* KiddyEatsApp */;
			targetProxy = E67BD9012C746174006393F4 /* PBXContainerItemProxy */;
		};
/* End PBXTargetDependency section */

/* Begin XCBuildConfiguration section */
		3AB03C482C6DE848001F5473 /* Debug */ = {
			isa = XCBuildConfiguration;
			buildSettings = {
				ALWAYS_SEARCH_USER_PATHS = NO;
				ASSETCATALOG_COMPILER_GENERATE_SWIFT_ASSET_SYMBOL_EXTENSIONS = YES;
				CLANG_ANALYZER_NONNULL = YES;
				CLANG_ANALYZER_NUMBER_OBJECT_CONVERSION = YES_AGGRESSIVE;
				CLANG_CXX_LANGUAGE_STANDARD = "gnu++20";
				CLANG_ENABLE_MODULES = YES;
				CLANG_ENABLE_OBJC_ARC = YES;
				CLANG_ENABLE_OBJC_WEAK = YES;
				CLANG_WARN_BLOCK_CAPTURE_AUTORELEASING = YES;
				CLANG_WARN_BOOL_CONVERSION = YES;
				CLANG_WARN_COMMA = YES;
				CLANG_WARN_CONSTANT_CONVERSION = YES;
				CLANG_WARN_DEPRECATED_OBJC_IMPLEMENTATIONS = YES;
				CLANG_WARN_DIRECT_OBJC_ISA_USAGE = YES_ERROR;
				CLANG_WARN_DOCUMENTATION_COMMENTS = YES;
				CLANG_WARN_EMPTY_BODY = YES;
				CLANG_WARN_ENUM_CONVERSION = YES;
				CLANG_WARN_INFINITE_RECURSION = YES;
				CLANG_WARN_INT_CONVERSION = YES;
				CLANG_WARN_NON_LITERAL_NULL_CONVERSION = YES;
				CLANG_WARN_OBJC_IMPLICIT_RETAIN_SELF = YES;
				CLANG_WARN_OBJC_LITERAL_CONVERSION = YES;
				CLANG_WARN_OBJC_ROOT_CLASS = YES_ERROR;
				CLANG_WARN_QUOTED_INCLUDE_IN_FRAMEWORK_HEADER = YES;
				CLANG_WARN_RANGE_LOOP_ANALYSIS = YES;
				CLANG_WARN_STRICT_PROTOTYPES = YES;
				CLANG_WARN_SUSPICIOUS_MOVE = YES;
				CLANG_WARN_UNGUARDED_AVAILABILITY = YES_AGGRESSIVE;
				CLANG_WARN_UNREACHABLE_CODE = YES;
				CLANG_WARN__DUPLICATE_METHOD_MATCH = YES;
				COPY_PHASE_STRIP = NO;
				DEBUG_INFORMATION_FORMAT = dwarf;
				ENABLE_STRICT_OBJC_MSGSEND = YES;
				ENABLE_TESTABILITY = YES;
				ENABLE_USER_SCRIPT_SANDBOXING = YES;
				GCC_C_LANGUAGE_STANDARD = gnu17;
				GCC_DYNAMIC_NO_PIC = NO;
				GCC_NO_COMMON_BLOCKS = YES;
				GCC_OPTIMIZATION_LEVEL = 0;
				GCC_PREPROCESSOR_DEFINITIONS = (
					"DEBUG=1",
					"$(inherited)",
				);
				GCC_WARN_64_TO_32_BIT_CONVERSION = YES;
				GCC_WARN_ABOUT_RETURN_TYPE = YES_ERROR;
				GCC_WARN_UNDECLARED_SELECTOR = YES;
				GCC_WARN_UNINITIALIZED_AUTOS = YES_AGGRESSIVE;
				GCC_WARN_UNUSED_FUNCTION = YES;
				GCC_WARN_UNUSED_VARIABLE = YES;
				IPHONEOS_DEPLOYMENT_TARGET = 17.5;
				LOCALIZATION_PREFERS_STRING_CATALOGS = YES;
				MTL_ENABLE_DEBUG_INFO = INCLUDE_SOURCE;
				MTL_FAST_MATH = YES;
				ONLY_ACTIVE_ARCH = YES;
				SDKROOT = iphoneos;
				SWIFT_ACTIVE_COMPILATION_CONDITIONS = "DEBUG $(inherited)";
				SWIFT_OPTIMIZATION_LEVEL = "-Onone";
			};
			name = Debug;
		};
		3AB03C492C6DE848001F5473 /* Release */ = {
			isa = XCBuildConfiguration;
			buildSettings = {
				ALWAYS_SEARCH_USER_PATHS = NO;
				ASSETCATALOG_COMPILER_GENERATE_SWIFT_ASSET_SYMBOL_EXTENSIONS = YES;
				CLANG_ANALYZER_NONNULL = YES;
				CLANG_ANALYZER_NUMBER_OBJECT_CONVERSION = YES_AGGRESSIVE;
				CLANG_CXX_LANGUAGE_STANDARD = "gnu++20";
				CLANG_ENABLE_MODULES = YES;
				CLANG_ENABLE_OBJC_ARC = YES;
				CLANG_ENABLE_OBJC_WEAK = YES;
				CLANG_WARN_BLOCK_CAPTURE_AUTORELEASING = YES;
				CLANG_WARN_BOOL_CONVERSION = YES;
				CLANG_WARN_COMMA = YES;
				CLANG_WARN_CONSTANT_CONVERSION = YES;
				CLANG_WARN_DEPRECATED_OBJC_IMPLEMENTATIONS = YES;
				CLANG_WARN_DIRECT_OBJC_ISA_USAGE = YES_ERROR;
				CLANG_WARN_DOCUMENTATION_COMMENTS = YES;
				CLANG_WARN_EMPTY_BODY = YES;
				CLANG_WARN_ENUM_CONVERSION = YES;
				CLANG_WARN_INFINITE_RECURSION = YES;
				CLANG_WARN_INT_CONVERSION = YES;
				CLANG_WARN_NON_LITERAL_NULL_CONVERSION = YES;
				CLANG_WARN_OBJC_IMPLICIT_RETAIN_SELF = YES;
				CLANG_WARN_OBJC_LITERAL_CONVERSION = YES;
				CLANG_WARN_OBJC_ROOT_CLASS = YES_ERROR;
				CLANG_WARN_QUOTED_INCLUDE_IN_FRAMEWORK_HEADER = YES;
				CLANG_WARN_RANGE_LOOP_ANALYSIS = YES;
				CLANG_WARN_STRICT_PROTOTYPES = YES;
				CLANG_WARN_SUSPICIOUS_MOVE = YES;
				CLANG_WARN_UNGUARDED_AVAILABILITY = YES_AGGRESSIVE;
				CLANG_WARN_UNREACHABLE_CODE = YES;
				CLANG_WARN__DUPLICATE_METHOD_MATCH = YES;
				COPY_PHASE_STRIP = NO;
				DEBUG_INFORMATION_FORMAT = "dwarf-with-dsym";
				ENABLE_NS_ASSERTIONS = NO;
				ENABLE_STRICT_OBJC_MSGSEND = YES;
				ENABLE_USER_SCRIPT_SANDBOXING = YES;
				GCC_C_LANGUAGE_STANDARD = gnu17;
				GCC_NO_COMMON_BLOCKS = YES;
				GCC_WARN_64_TO_32_BIT_CONVERSION = YES;
				GCC_WARN_ABOUT_RETURN_TYPE = YES_ERROR;
				GCC_WARN_UNDECLARED_SELECTOR = YES;
				GCC_WARN_UNINITIALIZED_AUTOS = YES_AGGRESSIVE;
				GCC_WARN_UNUSED_FUNCTION = YES;
				GCC_WARN_UNUSED_VARIABLE = YES;
				IPHONEOS_DEPLOYMENT_TARGET = 17.5;
				LOCALIZATION_PREFERS_STRING_CATALOGS = YES;
				MTL_ENABLE_DEBUG_INFO = NO;
				MTL_FAST_MATH = YES;
				SDKROOT = iphoneos;
				SWIFT_COMPILATION_MODE = wholemodule;
				VALIDATE_PRODUCT = YES;
			};
			name = Release;
		};
		3AB03C4B2C6DE848001F5473 /* Debug */ = {
			isa = XCBuildConfiguration;
			buildSettings = {
				ASSETCATALOG_COMPILER_APPICON_NAME = AppIcon;
				ASSETCATALOG_COMPILER_GLOBAL_ACCENT_COLOR_NAME = AccentColor;
				CODE_SIGN_STYLE = Automatic;
				CURRENT_PROJECT_VERSION = 1;
				DEVELOPMENT_ASSET_PATHS = "\"KiddyEatsApp/Preview Content\"";
				DEVELOPMENT_TEAM = SW8FY3LA3R;
				ENABLE_PREVIEWS = YES;
				GENERATE_INFOPLIST_FILE = YES;
				INFOPLIST_KEY_UIApplicationSceneManifest_Generation = YES;
				INFOPLIST_KEY_UIApplicationSupportsIndirectInputEvents = YES;
				INFOPLIST_KEY_UILaunchScreen_Generation = YES;
				INFOPLIST_KEY_UISupportedInterfaceOrientations_iPad = "UIInterfaceOrientationPortrait UIInterfaceOrientationPortraitUpsideDown UIInterfaceOrientationLandscapeLeft UIInterfaceOrientationLandscapeRight";
				INFOPLIST_KEY_UISupportedInterfaceOrientations_iPhone = "UIInterfaceOrientationPortrait UIInterfaceOrientationLandscapeLeft UIInterfaceOrientationLandscapeRight";
				IPHONEOS_DEPLOYMENT_TARGET = 17.5;
				LD_RUNPATH_SEARCH_PATHS = (
					"$(inherited)",
					"@executable_path/Frameworks",
				);
				MARKETING_VERSION = 1.0;
				PRODUCT_BUNDLE_IDENTIFIER = appledev.mini3.KiddyEatsApp;
				PRODUCT_NAME = "$(TARGET_NAME)";
				SWIFT_EMIT_LOC_STRINGS = YES;
				SWIFT_VERSION = 5.0;
				TARGETED_DEVICE_FAMILY = "1,2";
			};
			name = Debug;
		};
		3AB03C4C2C6DE848001F5473 /* Release */ = {
			isa = XCBuildConfiguration;
			buildSettings = {
				ASSETCATALOG_COMPILER_APPICON_NAME = AppIcon;
				ASSETCATALOG_COMPILER_GLOBAL_ACCENT_COLOR_NAME = AccentColor;
				CODE_SIGN_STYLE = Automatic;
				CURRENT_PROJECT_VERSION = 1;
				DEVELOPMENT_ASSET_PATHS = "\"KiddyEatsApp/Preview Content\"";
				DEVELOPMENT_TEAM = SW8FY3LA3R;
				ENABLE_PREVIEWS = YES;
				GENERATE_INFOPLIST_FILE = YES;
				INFOPLIST_KEY_UIApplicationSceneManifest_Generation = YES;
				INFOPLIST_KEY_UIApplicationSupportsIndirectInputEvents = YES;
				INFOPLIST_KEY_UILaunchScreen_Generation = YES;
				INFOPLIST_KEY_UISupportedInterfaceOrientations_iPad = "UIInterfaceOrientationPortrait UIInterfaceOrientationPortraitUpsideDown UIInterfaceOrientationLandscapeLeft UIInterfaceOrientationLandscapeRight";
				INFOPLIST_KEY_UISupportedInterfaceOrientations_iPhone = "UIInterfaceOrientationPortrait UIInterfaceOrientationLandscapeLeft UIInterfaceOrientationLandscapeRight";
				IPHONEOS_DEPLOYMENT_TARGET = 17.5;
				LD_RUNPATH_SEARCH_PATHS = (
					"$(inherited)",
					"@executable_path/Frameworks",
				);
				MARKETING_VERSION = 1.0;
				PRODUCT_BUNDLE_IDENTIFIER = appledev.mini3.KiddyEatsApp;
				PRODUCT_NAME = "$(TARGET_NAME)";
				SWIFT_EMIT_LOC_STRINGS = YES;
				SWIFT_VERSION = 5.0;
				TARGETED_DEVICE_FAMILY = "1,2";
			};
			name = Release;
		};
		E67BD9042C746174006393F4 /* Debug */ = {
			isa = XCBuildConfiguration;
			buildSettings = {
				BUNDLE_LOADER = "$(TEST_HOST)";
				CODE_SIGN_STYLE = Automatic;
				CURRENT_PROJECT_VERSION = 1;
				DEVELOPMENT_TEAM = J4KR4C3C23;
				GENERATE_INFOPLIST_FILE = YES;
				IPHONEOS_DEPLOYMENT_TARGET = 17.5;
				MARKETING_VERSION = 1.0;
				PRODUCT_BUNDLE_IDENTIFIER = dev.bytebooster.KiddyEatsAppTests;
				PRODUCT_NAME = "$(TARGET_NAME)";
				SWIFT_EMIT_LOC_STRINGS = NO;
				SWIFT_VERSION = 5.0;
				TARGETED_DEVICE_FAMILY = "1,2";
				TEST_HOST = "$(BUILT_PRODUCTS_DIR)/KiddyEatsApp.app/$(BUNDLE_EXECUTABLE_FOLDER_PATH)/KiddyEatsApp";
			};
			name = Debug;
		};
		E67BD9052C746174006393F4 /* Release */ = {
			isa = XCBuildConfiguration;
			buildSettings = {
				BUNDLE_LOADER = "$(TEST_HOST)";
				CODE_SIGN_STYLE = Automatic;
				CURRENT_PROJECT_VERSION = 1;
				DEVELOPMENT_TEAM = J4KR4C3C23;
				GENERATE_INFOPLIST_FILE = YES;
				IPHONEOS_DEPLOYMENT_TARGET = 17.5;
				MARKETING_VERSION = 1.0;
				PRODUCT_BUNDLE_IDENTIFIER = dev.bytebooster.KiddyEatsAppTests;
				PRODUCT_NAME = "$(TARGET_NAME)";
				SWIFT_EMIT_LOC_STRINGS = NO;
				SWIFT_VERSION = 5.0;
				TARGETED_DEVICE_FAMILY = "1,2";
				TEST_HOST = "$(BUILT_PRODUCTS_DIR)/KiddyEatsApp.app/$(BUNDLE_EXECUTABLE_FOLDER_PATH)/KiddyEatsApp";
			};
			name = Release;
		};
/* End XCBuildConfiguration section */

/* Begin XCConfigurationList section */
		3AB03C372C6DE845001F5473 /* Build configuration list for PBXProject "KiddyEatsApp" */ = {
			isa = XCConfigurationList;
			buildConfigurations = (
				3AB03C482C6DE848001F5473 /* Debug */,
				3AB03C492C6DE848001F5473 /* Release */,
			);
			defaultConfigurationIsVisible = 0;
			defaultConfigurationName = Release;
		};
		3AB03C4A2C6DE848001F5473 /* Build configuration list for PBXNativeTarget "KiddyEatsApp" */ = {
			isa = XCConfigurationList;
			buildConfigurations = (
				3AB03C4B2C6DE848001F5473 /* Debug */,
				3AB03C4C2C6DE848001F5473 /* Release */,
			);
			defaultConfigurationIsVisible = 0;
			defaultConfigurationName = Release;
		};
		E67BD9032C746174006393F4 /* Build configuration list for PBXNativeTarget "KiddyEatsAppTests" */ = {
			isa = XCConfigurationList;
			buildConfigurations = (
				E67BD9042C746174006393F4 /* Debug */,
				E67BD9052C746174006393F4 /* Release */,
			);
			defaultConfigurationIsVisible = 0;
			defaultConfigurationName = Release;
		};
/* End XCConfigurationList section */
	};
	rootObject = 3AB03C342C6DE845001F5473 /* Project object */;
}
